// !$*UTF8*$!
{
	archiveVersion = 1;
	classes = {
	};
	objectVersion = 46;
	objects = {

/* Begin PBXBuildFile section */
		3BFA81481E16A07F005C6299 /* main.m in Sources */ = {isa = PBXBuildFile; fileRef = 3BFA81471E16A07F005C6299 /* main.m */; };
		3BFA814B1E16A07F005C6299 /* AppDelegate.m in Sources */ = {isa = PBXBuildFile; fileRef = 3BFA814A1E16A07F005C6299 /* AppDelegate.m */; };
		3BFA81541E16A07F005C6299 /* Main.storyboard in Resources */ = {isa = PBXBuildFile; fileRef = 3BFA81521E16A07F005C6299 /* Main.storyboard */; };
		3BFA81561E16A080005C6299 /* Assets.xcassets in Resources */ = {isa = PBXBuildFile; fileRef = 3BFA81551E16A080005C6299 /* Assets.xcassets */; };
		3BFA81641E16C7DD005C6299 /* IndexViewController.m in Sources */ = {isa = PBXBuildFile; fileRef = 3BFA81631E16C7DD005C6299 /* IndexViewController.m */; };
		3BFA81671E16CF68005C6299 /* AuthorViewController.m in Sources */ = {isa = PBXBuildFile; fileRef = 3BFA81661E16CF68005C6299 /* AuthorViewController.m */; };
		3BFA818A1E16E76F005C6299 /* amazon@2x.png in Resources */ = {isa = PBXBuildFile; fileRef = 3BFA81881E16E76F005C6299 /* amazon@2x.png */; };
		3BFA818B1E16E76F005C6299 /* LuluLogo@2x.png in Resources */ = {isa = PBXBuildFile; fileRef = 3BFA81891E16E76F005C6299 /* LuluLogo@2x.png */; };
		3BFA818F1E16F4AB005C6299 /* timShiner@2x.png in Resources */ = {isa = PBXBuildFile; fileRef = 3BFA818E1E16F4AB005C6299 /* timShiner@2x.png */; };
		3BFA81921E16F6B9005C6299 /* HardCopyViewController.m in Sources */ = {isa = PBXBuildFile; fileRef = 3BFA81911E16F6B9005C6299 /* HardCopyViewController.m */; };
		3BFA81951E170E0A005C6299 /* ForewordViewController.m in Sources */ = {isa = PBXBuildFile; fileRef = 3BFA81941E170E0A005C6299 /* ForewordViewController.m */; };
		700465A61E1A6092009B2663 /* iconTab0.png in Resources */ = {isa = PBXBuildFile; fileRef = 7004659A1E1A6092009B2663 /* iconTab0.png */; };
		700465A91E1A6092009B2663 /* iconTab1.png in Resources */ = {isa = PBXBuildFile; fileRef = 7004659D1E1A6092009B2663 /* iconTab1.png */; };
		700465AA1E1A6092009B2663 /* iconTab1@2x.png in Resources */ = {isa = PBXBuildFile; fileRef = 7004659E1E1A6092009B2663 /* iconTab1@2x.png */; };
		700465AC1E1A6092009B2663 /* iconTab2.png in Resources */ = {isa = PBXBuildFile; fileRef = 700465A01E1A6092009B2663 /* iconTab2.png */; };
		700465AD1E1A6092009B2663 /* iconTab2@2x.png in Resources */ = {isa = PBXBuildFile; fileRef = 700465A11E1A6092009B2663 /* iconTab2@2x.png */; };
		700465AE1E1A6092009B2663 /* iconTab2@3x.png in Resources */ = {isa = PBXBuildFile; fileRef = 700465A21E1A6092009B2663 /* iconTab2@3x.png */; };
		700465AF1E1A6092009B2663 /* iconTab3.png in Resources */ = {isa = PBXBuildFile; fileRef = 700465A31E1A6092009B2663 /* iconTab3.png */; };
		700465B01E1A6092009B2663 /* iconTab3@2x.png in Resources */ = {isa = PBXBuildFile; fileRef = 700465A41E1A6092009B2663 /* iconTab3@2x.png */; };
		700465B11E1A6092009B2663 /* iconTab3@3x.png in Resources */ = {isa = PBXBuildFile; fileRef = 700465A51E1A6092009B2663 /* iconTab3@3x.png */; };
		700465B31E1A6150009B2663 /* foreword@2x.png in Resources */ = {isa = PBXBuildFile; fileRef = 700465B21E1A6150009B2663 /* foreword@2x.png */; };
		700465C01E1A7D34009B2663 /* iconTab0_hover.png in Resources */ = {isa = PBXBuildFile; fileRef = 700465B41E1A7D34009B2663 /* iconTab0_hover.png */; };
		700465C11E1A7D34009B2663 /* iconTab0_hover@2x.png in Resources */ = {isa = PBXBuildFile; fileRef = 700465B51E1A7D34009B2663 /* iconTab0_hover@2x.png */; };
		700465C21E1A7D34009B2663 /* iconTab0_hover@3x.png in Resources */ = {isa = PBXBuildFile; fileRef = 700465B61E1A7D34009B2663 /* iconTab0_hover@3x.png */; };
		700465C31E1A7D34009B2663 /* iconTab1_hover_hover.png in Resources */ = {isa = PBXBuildFile; fileRef = 700465B71E1A7D34009B2663 /* iconTab1_hover_hover.png */; };
		700465C41E1A7D34009B2663 /* iconTab1_hover@2x.png in Resources */ = {isa = PBXBuildFile; fileRef = 700465B81E1A7D34009B2663 /* iconTab1_hover@2x.png */; };
		700465C51E1A7D34009B2663 /* iconTab1_hover@3x.png in Resources */ = {isa = PBXBuildFile; fileRef = 700465B91E1A7D34009B2663 /* iconTab1_hover@3x.png */; };
		700465C61E1A7D34009B2663 /* iconTab2_hover_hover.png in Resources */ = {isa = PBXBuildFile; fileRef = 700465BA1E1A7D34009B2663 /* iconTab2_hover_hover.png */; };
		700465C71E1A7D34009B2663 /* iconTab2_hover@2x.png in Resources */ = {isa = PBXBuildFile; fileRef = 700465BB1E1A7D34009B2663 /* iconTab2_hover@2x.png */; };
		700465C81E1A7D34009B2663 /* iconTab2_hover@3x.png in Resources */ = {isa = PBXBuildFile; fileRef = 700465BC1E1A7D34009B2663 /* iconTab2_hover@3x.png */; };
		700465C91E1A7D34009B2663 /* iconTab3_hover.png in Resources */ = {isa = PBXBuildFile; fileRef = 700465BD1E1A7D34009B2663 /* iconTab3_hover.png */; };
		700465CA1E1A7D34009B2663 /* iconTab3_hover@2x.png in Resources */ = {isa = PBXBuildFile; fileRef = 700465BE1E1A7D34009B2663 /* iconTab3_hover@2x.png */; };
		700465CB1E1A7D34009B2663 /* iconTab3_hover@3x.png in Resources */ = {isa = PBXBuildFile; fileRef = 700465BF1E1A7D34009B2663 /* iconTab3_hover@3x.png */; };
		700465CE1E1A866D009B2663 /* iconTab0@2x.png in Resources */ = {isa = PBXBuildFile; fileRef = 700465CC1E1A866D009B2663 /* iconTab0@2x.png */; };
		700465CF1E1A866D009B2663 /* iconTab0@3x.png in Resources */ = {isa = PBXBuildFile; fileRef = 700465CD1E1A866D009B2663 /* iconTab0@3x.png */; };
		700465D11E1A86B7009B2663 /* iconTab1@3x.png in Resources */ = {isa = PBXBuildFile; fileRef = 700465D01E1A86B7009B2663 /* iconTab1@3x.png */; };
		700465D51E1A8B5A009B2663 /* Default-568h@2x.png in Resources */ = {isa = PBXBuildFile; fileRef = 700465D21E1A8B5A009B2663 /* Default-568h@2x.png */; };
		700465D61E1A8B5A009B2663 /* Default.png in Resources */ = {isa = PBXBuildFile; fileRef = 700465D31E1A8B5A009B2663 /* Default.png */; };
		700465D71E1A8B5A009B2663 /* Default@2x.png in Resources */ = {isa = PBXBuildFile; fileRef = 700465D41E1A8B5A009B2663 /* Default@2x.png */; };
		700465DA1E1A9D38009B2663 /* PdfViewerViewController.m in Sources */ = {isa = PBXBuildFile; fileRef = 700465D91E1A9D38009B2663 /* PdfViewerViewController.m */; };
		700466741E1AA8A3009B2663 /* 2.PDF in Resources */ = {isa = PBXBuildFile; fileRef = 700466421E1AA8A2009B2663 /* 2.PDF */; };
		700466751E1AA8A3009B2663 /* 3.PDF in Resources */ = {isa = PBXBuildFile; fileRef = 700466431E1AA8A2009B2663 /* 3.PDF */; };
		700466761E1AA8A3009B2663 /* 4.PDF in Resources */ = {isa = PBXBuildFile; fileRef = 700466441E1AA8A2009B2663 /* 4.PDF */; };
		700466771E1AA8A3009B2663 /* 5.PDF in Resources */ = {isa = PBXBuildFile; fileRef = 700466451E1AA8A2009B2663 /* 5.PDF */; };
		700466781E1AA8A3009B2663 /* 6.PDF in Resources */ = {isa = PBXBuildFile; fileRef = 700466461E1AA8A2009B2663 /* 6.PDF */; };
		700466791E1AA8A3009B2663 /* 7.PDF in Resources */ = {isa = PBXBuildFile; fileRef = 700466471E1AA8A2009B2663 /* 7.PDF */; };
		7004667A1E1AA8A3009B2663 /* 8.PDF in Resources */ = {isa = PBXBuildFile; fileRef = 700466481E1AA8A2009B2663 /* 8.PDF */; };
		7004667B1E1AA8A3009B2663 /* 9.PDF in Resources */ = {isa = PBXBuildFile; fileRef = 700466491E1AA8A2009B2663 /* 9.PDF */; };
		7004667C1E1AA8A3009B2663 /* 10.PDF in Resources */ = {isa = PBXBuildFile; fileRef = 7004664A1E1AA8A2009B2663 /* 10.PDF */; };
		7004667D1E1AA8A3009B2663 /* 11.PDF in Resources */ = {isa = PBXBuildFile; fileRef = 7004664B1E1AA8A2009B2663 /* 11.PDF */; };
		7004667E1E1AA8A3009B2663 /* 12.PDF in Resources */ = {isa = PBXBuildFile; fileRef = 7004664C1E1AA8A2009B2663 /* 12.PDF */; };
		7004667F1E1AA8A3009B2663 /* 13.PDF in Resources */ = {isa = PBXBuildFile; fileRef = 7004664D1E1AA8A2009B2663 /* 13.PDF */; };
		700466801E1AA8A3009B2663 /* 14.PDF in Resources */ = {isa = PBXBuildFile; fileRef = 7004664E1E1AA8A3009B2663 /* 14.PDF */; };
		700466811E1AA8A3009B2663 /* 15.PDF in Resources */ = {isa = PBXBuildFile; fileRef = 7004664F1E1AA8A3009B2663 /* 15.PDF */; };
		700466821E1AA8A3009B2663 /* 16.PDF in Resources */ = {isa = PBXBuildFile; fileRef = 700466501E1AA8A3009B2663 /* 16.PDF */; };
		700466831E1AA8A3009B2663 /* 17.PDF in Resources */ = {isa = PBXBuildFile; fileRef = 700466511E1AA8A3009B2663 /* 17.PDF */; };
		700466841E1AA8A3009B2663 /* 18.PDF in Resources */ = {isa = PBXBuildFile; fileRef = 700466521E1AA8A3009B2663 /* 18.PDF */; };
		700466851E1AA8A3009B2663 /* 19.PDF in Resources */ = {isa = PBXBuildFile; fileRef = 700466531E1AA8A3009B2663 /* 19.PDF */; };
		700466861E1AA8A3009B2663 /* 20.PDF in Resources */ = {isa = PBXBuildFile; fileRef = 700466541E1AA8A3009B2663 /* 20.PDF */; };
		700466871E1AA8A3009B2663 /* 21.PDF in Resources */ = {isa = PBXBuildFile; fileRef = 700466551E1AA8A3009B2663 /* 21.PDF */; };
		700466881E1AA8A3009B2663 /* 22.PDF in Resources */ = {isa = PBXBuildFile; fileRef = 700466561E1AA8A3009B2663 /* 22.PDF */; };
		700466891E1AA8A3009B2663 /* 23.PDF in Resources */ = {isa = PBXBuildFile; fileRef = 700466571E1AA8A3009B2663 /* 23.PDF */; };
		7004668A1E1AA8A3009B2663 /* 24.PDF in Resources */ = {isa = PBXBuildFile; fileRef = 700466581E1AA8A3009B2663 /* 24.PDF */; };
		7004668B1E1AA8A3009B2663 /* 25.PDF in Resources */ = {isa = PBXBuildFile; fileRef = 700466591E1AA8A3009B2663 /* 25.PDF */; };
		7004668C1E1AA8A3009B2663 /* 26.PDF in Resources */ = {isa = PBXBuildFile; fileRef = 7004665A1E1AA8A3009B2663 /* 26.PDF */; };
		7004668D1E1AA8A3009B2663 /* 27.PDF in Resources */ = {isa = PBXBuildFile; fileRef = 7004665B1E1AA8A3009B2663 /* 27.PDF */; };
		7004668E1E1AA8A3009B2663 /* 28.PDF in Resources */ = {isa = PBXBuildFile; fileRef = 7004665C1E1AA8A3009B2663 /* 28.PDF */; };
		7004668F1E1AA8A3009B2663 /* 29.PDF in Resources */ = {isa = PBXBuildFile; fileRef = 7004665D1E1AA8A3009B2663 /* 29.PDF */; };
		700466901E1AA8A3009B2663 /* 30.PDF in Resources */ = {isa = PBXBuildFile; fileRef = 7004665E1E1AA8A3009B2663 /* 30.PDF */; };
		700466911E1AA8A3009B2663 /* 31.PDF in Resources */ = {isa = PBXBuildFile; fileRef = 7004665F1E1AA8A3009B2663 /* 31.PDF */; };
		700466921E1AA8A3009B2663 /* 32.PDF in Resources */ = {isa = PBXBuildFile; fileRef = 700466601E1AA8A3009B2663 /* 32.PDF */; };
		700466931E1AA8A3009B2663 /* 33.PDF in Resources */ = {isa = PBXBuildFile; fileRef = 700466611E1AA8A3009B2663 /* 33.PDF */; };
		700466941E1AA8A3009B2663 /* 34.PDF in Resources */ = {isa = PBXBuildFile; fileRef = 700466621E1AA8A3009B2663 /* 34.PDF */; };
		700466951E1AA8A3009B2663 /* 35.PDF in Resources */ = {isa = PBXBuildFile; fileRef = 700466631E1AA8A3009B2663 /* 35.PDF */; };
		700466961E1AA8A3009B2663 /* 36.PDF in Resources */ = {isa = PBXBuildFile; fileRef = 700466641E1AA8A3009B2663 /* 36.PDF */; };
		700466971E1AA8A3009B2663 /* 37.PDF in Resources */ = {isa = PBXBuildFile; fileRef = 700466651E1AA8A3009B2663 /* 37.PDF */; };
		700466981E1AA8A3009B2663 /* 38.PDF in Resources */ = {isa = PBXBuildFile; fileRef = 700466661E1AA8A3009B2663 /* 38.PDF */; };
		700466991E1AA8A3009B2663 /* 39.PDF in Resources */ = {isa = PBXBuildFile; fileRef = 700466671E1AA8A3009B2663 /* 39.PDF */; };
		7004669A1E1AA8A3009B2663 /* 40.PDF in Resources */ = {isa = PBXBuildFile; fileRef = 700466681E1AA8A3009B2663 /* 40.PDF */; };
		7004669B1E1AA8A3009B2663 /* 41.PDF in Resources */ = {isa = PBXBuildFile; fileRef = 700466691E1AA8A3009B2663 /* 41.PDF */; };
		7004669C1E1AA8A3009B2663 /* 42.PDF in Resources */ = {isa = PBXBuildFile; fileRef = 7004666A1E1AA8A3009B2663 /* 42.PDF */; };
		7004669D1E1AA8A3009B2663 /* 43.PDF in Resources */ = {isa = PBXBuildFile; fileRef = 7004666B1E1AA8A3009B2663 /* 43.PDF */; };
		7004669E1E1AA8A3009B2663 /* 44.PDF in Resources */ = {isa = PBXBuildFile; fileRef = 7004666C1E1AA8A3009B2663 /* 44.PDF */; };
		7004669F1E1AA8A3009B2663 /* 45.PDF in Resources */ = {isa = PBXBuildFile; fileRef = 7004666D1E1AA8A3009B2663 /* 45.PDF */; };
		700466A01E1AA8A3009B2663 /* 46.PDF in Resources */ = {isa = PBXBuildFile; fileRef = 7004666E1E1AA8A3009B2663 /* 46.PDF */; };
		700466A11E1AA8A3009B2663 /* 47.PDF in Resources */ = {isa = PBXBuildFile; fileRef = 7004666F1E1AA8A3009B2663 /* 47.PDF */; };
		700466A21E1AA8A3009B2663 /* 48.PDF in Resources */ = {isa = PBXBuildFile; fileRef = 700466701E1AA8A3009B2663 /* 48.PDF */; };
		700466A31E1AA8A3009B2663 /* 49.PDF in Resources */ = {isa = PBXBuildFile; fileRef = 700466711E1AA8A3009B2663 /* 49.PDF */; };
		700466A41E1AA8A3009B2663 /* 50.PDF in Resources */ = {isa = PBXBuildFile; fileRef = 700466721E1AA8A3009B2663 /* 50.PDF */; };
		700466A81E1AAD89009B2663 /* 1.PDF in Resources */ = {isa = PBXBuildFile; fileRef = 700466A71E1AAD89009B2663 /* 1.PDF */; };
		700E2C8B1E1B905E0042A897 /* CGPDFDocument.m in Sources */ = {isa = PBXBuildFile; fileRef = 700E2C641E1B905E0042A897 /* CGPDFDocument.m */; };
		700E2C8C1E1B905E0042A897 /* ReaderConstants.m in Sources */ = {isa = PBXBuildFile; fileRef = 700E2C661E1B905E0042A897 /* ReaderConstants.m */; };
		700E2C8D1E1B905E0042A897 /* ReaderContentPage.m in Sources */ = {isa = PBXBuildFile; fileRef = 700E2C681E1B905E0042A897 /* ReaderContentPage.m */; };
		700E2C8E1E1B905E0042A897 /* ReaderContentTile.m in Sources */ = {isa = PBXBuildFile; fileRef = 700E2C6A1E1B905E0042A897 /* ReaderContentTile.m */; };
		700E2C8F1E1B905E0042A897 /* ReaderContentView.m in Sources */ = {isa = PBXBuildFile; fileRef = 700E2C6C1E1B905E0042A897 /* ReaderContentView.m */; };
		700E2C901E1B905E0042A897 /* ReaderDocument.m in Sources */ = {isa = PBXBuildFile; fileRef = 700E2C6E1E1B905E0042A897 /* ReaderDocument.m */; };
		700E2C911E1B905E0042A897 /* ReaderDocumentOutline.m in Sources */ = {isa = PBXBuildFile; fileRef = 700E2C701E1B905E0042A897 /* ReaderDocumentOutline.m */; };
		700E2C921E1B905E0042A897 /* ReaderMainPagebar.m in Sources */ = {isa = PBXBuildFile; fileRef = 700E2C721E1B905E0042A897 /* ReaderMainPagebar.m */; };
		700E2C931E1B905E0042A897 /* ReaderMainToolbar.m in Sources */ = {isa = PBXBuildFile; fileRef = 700E2C741E1B905E0042A897 /* ReaderMainToolbar.m */; };
		700E2C941E1B905E0042A897 /* ReaderThumbCache.m in Sources */ = {isa = PBXBuildFile; fileRef = 700E2C761E1B905E0042A897 /* ReaderThumbCache.m */; };
		700E2C951E1B905E0042A897 /* ReaderThumbFetch.m in Sources */ = {isa = PBXBuildFile; fileRef = 700E2C781E1B905E0042A897 /* ReaderThumbFetch.m */; };
		700E2C961E1B905E0042A897 /* ReaderThumbQueue.m in Sources */ = {isa = PBXBuildFile; fileRef = 700E2C7A1E1B905E0042A897 /* ReaderThumbQueue.m */; };
		700E2C971E1B905E0042A897 /* ReaderThumbRender.m in Sources */ = {isa = PBXBuildFile; fileRef = 700E2C7C1E1B905E0042A897 /* ReaderThumbRender.m */; };
		700E2C981E1B905E0042A897 /* ReaderThumbRequest.m in Sources */ = {isa = PBXBuildFile; fileRef = 700E2C7E1E1B905E0042A897 /* ReaderThumbRequest.m */; };
		700E2C991E1B905E0042A897 /* ReaderThumbsView.m in Sources */ = {isa = PBXBuildFile; fileRef = 700E2C801E1B905E0042A897 /* ReaderThumbsView.m */; };
		700E2C9A1E1B905E0042A897 /* ReaderThumbView.m in Sources */ = {isa = PBXBuildFile; fileRef = 700E2C821E1B905E0042A897 /* ReaderThumbView.m */; };
		700E2C9B1E1B905E0042A897 /* ReaderViewController.m in Sources */ = {isa = PBXBuildFile; fileRef = 700E2C841E1B905E0042A897 /* ReaderViewController.m */; };
		700E2C9C1E1B905E0042A897 /* ThumbsMainToolbar.m in Sources */ = {isa = PBXBuildFile; fileRef = 700E2C861E1B905E0042A897 /* ThumbsMainToolbar.m */; };
		700E2C9D1E1B905E0042A897 /* ThumbsViewController.m in Sources */ = {isa = PBXBuildFile; fileRef = 700E2C881E1B905E0042A897 /* ThumbsViewController.m */; };
		700E2C9E1E1B905E0042A897 /* UIXToolbarView.m in Sources */ = {isa = PBXBuildFile; fileRef = 700E2C8A1E1B905E0042A897 /* UIXToolbarView.m */; };
		700E2CB91E1B9FA60042A897 /* Reader-Button-H.png in Resources */ = {isa = PBXBuildFile; fileRef = 700E2CA11E1B9FA60042A897 /* Reader-Button-H.png */; };
		700E2CBA1E1B9FA60042A897 /* Reader-Button-H@2x.png in Resources */ = {isa = PBXBuildFile; fileRef = 700E2CA21E1B9FA60042A897 /* Reader-Button-H@2x.png */; };
		700E2CBB1E1B9FA60042A897 /* Reader-Button-H@3x.png in Resources */ = {isa = PBXBuildFile; fileRef = 700E2CA31E1B9FA60042A897 /* Reader-Button-H@3x.png */; };
		700E2CBC1E1B9FA60042A897 /* Reader-Button-N.png in Resources */ = {isa = PBXBuildFile; fileRef = 700E2CA41E1B9FA60042A897 /* Reader-Button-N.png */; };
		700E2CBD1E1B9FA60042A897 /* Reader-Button-N@2x.png in Resources */ = {isa = PBXBuildFile; fileRef = 700E2CA51E1B9FA60042A897 /* Reader-Button-N@2x.png */; };
		700E2CBE1E1B9FA60042A897 /* Reader-Button-N@3x.png in Resources */ = {isa = PBXBuildFile; fileRef = 700E2CA61E1B9FA60042A897 /* Reader-Button-N@3x.png */; };
		700E2CBF1E1B9FA60042A897 /* Reader-Email.png in Resources */ = {isa = PBXBuildFile; fileRef = 700E2CA71E1B9FA60042A897 /* Reader-Email.png */; };
		700E2CC01E1B9FA60042A897 /* Reader-Email@2x.png in Resources */ = {isa = PBXBuildFile; fileRef = 700E2CA81E1B9FA60042A897 /* Reader-Email@2x.png */; };
		700E2CC11E1B9FA60042A897 /* Reader-Email@3x.png in Resources */ = {isa = PBXBuildFile; fileRef = 700E2CA91E1B9FA60042A897 /* Reader-Email@3x.png */; };
		700E2CC21E1B9FA60042A897 /* Reader-Export.png in Resources */ = {isa = PBXBuildFile; fileRef = 700E2CAA1E1B9FA60042A897 /* Reader-Export.png */; };
		700E2CC31E1B9FA60042A897 /* Reader-Export@2x.png in Resources */ = {isa = PBXBuildFile; fileRef = 700E2CAB1E1B9FA60042A897 /* Reader-Export@2x.png */; };
		700E2CC41E1B9FA60042A897 /* Reader-Export@3x.png in Resources */ = {isa = PBXBuildFile; fileRef = 700E2CAC1E1B9FA60042A897 /* Reader-Export@3x.png */; };
		700E2CC51E1B9FA60042A897 /* Reader-Mark-N.png in Resources */ = {isa = PBXBuildFile; fileRef = 700E2CAD1E1B9FA60042A897 /* Reader-Mark-N.png */; };
		700E2CC61E1B9FA60042A897 /* Reader-Mark-N@2x.png in Resources */ = {isa = PBXBuildFile; fileRef = 700E2CAE1E1B9FA60042A897 /* Reader-Mark-N@2x.png */; };
		700E2CC71E1B9FA60042A897 /* Reader-Mark-N@3x.png in Resources */ = {isa = PBXBuildFile; fileRef = 700E2CAF1E1B9FA60042A897 /* Reader-Mark-N@3x.png */; };
		700E2CC81E1B9FA60042A897 /* Reader-Mark-Y.png in Resources */ = {isa = PBXBuildFile; fileRef = 700E2CB01E1B9FA60042A897 /* Reader-Mark-Y.png */; };
		700E2CC91E1B9FA60042A897 /* Reader-Mark-Y@2x.png in Resources */ = {isa = PBXBuildFile; fileRef = 700E2CB11E1B9FA60042A897 /* Reader-Mark-Y@2x.png */; };
		700E2CCA1E1B9FA60042A897 /* Reader-Mark-Y@3x.png in Resources */ = {isa = PBXBuildFile; fileRef = 700E2CB21E1B9FA60042A897 /* Reader-Mark-Y@3x.png */; };
		700E2CCB1E1B9FA60042A897 /* Reader-Print.png in Resources */ = {isa = PBXBuildFile; fileRef = 700E2CB31E1B9FA60042A897 /* Reader-Print.png */; };
		700E2CCC1E1B9FA60042A897 /* Reader-Print@2x.png in Resources */ = {isa = PBXBuildFile; fileRef = 700E2CB41E1B9FA60042A897 /* Reader-Print@2x.png */; };
		700E2CCD1E1B9FA60042A897 /* Reader-Print@3x.png in Resources */ = {isa = PBXBuildFile; fileRef = 700E2CB51E1B9FA60042A897 /* Reader-Print@3x.png */; };
		700E2CCE1E1B9FA60042A897 /* Reader-Thumbs.png in Resources */ = {isa = PBXBuildFile; fileRef = 700E2CB61E1B9FA60042A897 /* Reader-Thumbs.png */; };
		700E2CCF1E1B9FA60042A897 /* Reader-Thumbs@2x.png in Resources */ = {isa = PBXBuildFile; fileRef = 700E2CB71E1B9FA60042A897 /* Reader-Thumbs@2x.png */; };
		700E2CD01E1B9FA60042A897 /* Reader-Thumbs@3x.png in Resources */ = {isa = PBXBuildFile; fileRef = 700E2CB81E1B9FA60042A897 /* Reader-Thumbs@3x.png */; };
		700E2CD31E1B9FDA0042A897 /* Foundation.framework in Frameworks */ = {isa = PBXBuildFile; fileRef = 700E2CD21E1B9FDA0042A897 /* Foundation.framework */; };
		700E2CD51E1B9FE20042A897 /* CoreGraphics.framework in Frameworks */ = {isa = PBXBuildFile; fileRef = 700E2CD41E1B9FE20042A897 /* CoreGraphics.framework */; };
		700E2CD71E1B9FE80042A897 /* QuartzCore.framework in Frameworks */ = {isa = PBXBuildFile; fileRef = 700E2CD61E1B9FE80042A897 /* QuartzCore.framework */; };
		700E2CD91E1B9FEF0042A897 /* MessageUI.framework in Frameworks */ = {isa = PBXBuildFile; fileRef = 700E2CD81E1B9FEF0042A897 /* MessageUI.framework */; };
		700E2CDB1E1B9FF60042A897 /* ImageIO.framework in Frameworks */ = {isa = PBXBuildFile; fileRef = 700E2CDA1E1B9FF60042A897 /* ImageIO.framework */; };
		700E2CDD1E1BAF480042A897 /* In Closing.PDF in Resources */ = {isa = PBXBuildFile; fileRef = 700E2CDC1E1BAF480042A897 /* In Closing.PDF */; };
		702770CE1E1BBB8E00D8E4C5 /* accessoryIcon@2x.png in Resources */ = {isa = PBXBuildFile; fileRef = 702770CD1E1BBB8E00D8E4C5 /* accessoryIcon@2x.png */; };
/* End PBXBuildFile section */

/* Begin PBXFileReference section */
		3BFA81431E16A07F005C6299 /* 50 Thinks Book.app */ = {isa = PBXFileReference; explicitFileType = wrapper.application; includeInIndex = 0; path = "50 Thinks Book.app"; sourceTree = BUILT_PRODUCTS_DIR; };
		3BFA81471E16A07F005C6299 /* main.m */ = {isa = PBXFileReference; lastKnownFileType = sourcecode.c.objc; path = main.m; sourceTree = "<group>"; };
		3BFA81491E16A07F005C6299 /* AppDelegate.h */ = {isa = PBXFileReference; lastKnownFileType = sourcecode.c.h; path = AppDelegate.h; sourceTree = "<group>"; };
		3BFA814A1E16A07F005C6299 /* AppDelegate.m */ = {isa = PBXFileReference; lastKnownFileType = sourcecode.c.objc; path = AppDelegate.m; sourceTree = "<group>"; };
		3BFA81531E16A07F005C6299 /* Base */ = {isa = PBXFileReference; lastKnownFileType = file.storyboard; name = Base; path = Base.lproj/Main.storyboard; sourceTree = "<group>"; };
		3BFA81551E16A080005C6299 /* Assets.xcassets */ = {isa = PBXFileReference; lastKnownFileType = folder.assetcatalog; path = Assets.xcassets; sourceTree = "<group>"; };
		3BFA815A1E16A080005C6299 /* Info.plist */ = {isa = PBXFileReference; lastKnownFileType = text.plist.xml; path = Info.plist; sourceTree = "<group>"; };
		3BFA81621E16C7DD005C6299 /* IndexViewController.h */ = {isa = PBXFileReference; fileEncoding = 4; lastKnownFileType = sourcecode.c.h; path = IndexViewController.h; sourceTree = "<group>"; };
		3BFA81631E16C7DD005C6299 /* IndexViewController.m */ = {isa = PBXFileReference; fileEncoding = 4; lastKnownFileType = sourcecode.c.objc; path = IndexViewController.m; sourceTree = "<group>"; };
		3BFA81651E16CF68005C6299 /* AuthorViewController.h */ = {isa = PBXFileReference; fileEncoding = 4; lastKnownFileType = sourcecode.c.h; path = AuthorViewController.h; sourceTree = "<group>"; };
		3BFA81661E16CF68005C6299 /* AuthorViewController.m */ = {isa = PBXFileReference; fileEncoding = 4; lastKnownFileType = sourcecode.c.objc; path = AuthorViewController.m; sourceTree = "<group>"; };
		3BFA81881E16E76F005C6299 /* amazon@2x.png */ = {isa = PBXFileReference; lastKnownFileType = image.png; path = "amazon@2x.png"; sourceTree = "<group>"; };
		3BFA81891E16E76F005C6299 /* LuluLogo@2x.png */ = {isa = PBXFileReference; lastKnownFileType = image.png; path = "LuluLogo@2x.png"; sourceTree = "<group>"; };
		3BFA818E1E16F4AB005C6299 /* timShiner@2x.png */ = {isa = PBXFileReference; lastKnownFileType = image.png; path = "timShiner@2x.png"; sourceTree = "<group>"; };
		3BFA81901E16F6B9005C6299 /* HardCopyViewController.h */ = {isa = PBXFileReference; fileEncoding = 4; lastKnownFileType = sourcecode.c.h; path = HardCopyViewController.h; sourceTree = "<group>"; };
		3BFA81911E16F6B9005C6299 /* HardCopyViewController.m */ = {isa = PBXFileReference; fileEncoding = 4; lastKnownFileType = sourcecode.c.objc; path = HardCopyViewController.m; sourceTree = "<group>"; };
		3BFA81931E170E0A005C6299 /* ForewordViewController.h */ = {isa = PBXFileReference; fileEncoding = 4; lastKnownFileType = sourcecode.c.h; path = ForewordViewController.h; sourceTree = "<group>"; };
		3BFA81941E170E0A005C6299 /* ForewordViewController.m */ = {isa = PBXFileReference; fileEncoding = 4; lastKnownFileType = sourcecode.c.objc; path = ForewordViewController.m; sourceTree = "<group>"; };
		7004659A1E1A6092009B2663 /* iconTab0.png */ = {isa = PBXFileReference; lastKnownFileType = image.png; path = iconTab0.png; sourceTree = "<group>"; };
		7004659D1E1A6092009B2663 /* iconTab1.png */ = {isa = PBXFileReference; lastKnownFileType = image.png; path = iconTab1.png; sourceTree = "<group>"; };
		7004659E1E1A6092009B2663 /* iconTab1@2x.png */ = {isa = PBXFileReference; lastKnownFileType = image.png; path = "iconTab1@2x.png"; sourceTree = "<group>"; };
		700465A01E1A6092009B2663 /* iconTab2.png */ = {isa = PBXFileReference; lastKnownFileType = image.png; path = iconTab2.png; sourceTree = "<group>"; };
		700465A11E1A6092009B2663 /* iconTab2@2x.png */ = {isa = PBXFileReference; lastKnownFileType = image.png; path = "iconTab2@2x.png"; sourceTree = "<group>"; };
		700465A21E1A6092009B2663 /* iconTab2@3x.png */ = {isa = PBXFileReference; lastKnownFileType = image.png; path = "iconTab2@3x.png"; sourceTree = "<group>"; };
		700465A31E1A6092009B2663 /* iconTab3.png */ = {isa = PBXFileReference; lastKnownFileType = image.png; path = iconTab3.png; sourceTree = "<group>"; };
		700465A41E1A6092009B2663 /* iconTab3@2x.png */ = {isa = PBXFileReference; lastKnownFileType = image.png; path = "iconTab3@2x.png"; sourceTree = "<group>"; };
		700465A51E1A6092009B2663 /* iconTab3@3x.png */ = {isa = PBXFileReference; lastKnownFileType = image.png; path = "iconTab3@3x.png"; sourceTree = "<group>"; };
		700465B21E1A6150009B2663 /* foreword@2x.png */ = {isa = PBXFileReference; lastKnownFileType = image.png; path = "foreword@2x.png"; sourceTree = "<group>"; };
		700465B41E1A7D34009B2663 /* iconTab0_hover.png */ = {isa = PBXFileReference; lastKnownFileType = image.png; path = iconTab0_hover.png; sourceTree = "<group>"; };
		700465B51E1A7D34009B2663 /* iconTab0_hover@2x.png */ = {isa = PBXFileReference; lastKnownFileType = image.png; path = "iconTab0_hover@2x.png"; sourceTree = "<group>"; };
		700465B61E1A7D34009B2663 /* iconTab0_hover@3x.png */ = {isa = PBXFileReference; lastKnownFileType = image.png; path = "iconTab0_hover@3x.png"; sourceTree = "<group>"; };
		700465B71E1A7D34009B2663 /* iconTab1_hover_hover.png */ = {isa = PBXFileReference; lastKnownFileType = image.png; path = iconTab1_hover_hover.png; sourceTree = "<group>"; };
		700465B81E1A7D34009B2663 /* iconTab1_hover@2x.png */ = {isa = PBXFileReference; lastKnownFileType = image.png; path = "iconTab1_hover@2x.png"; sourceTree = "<group>"; };
		700465B91E1A7D34009B2663 /* iconTab1_hover@3x.png */ = {isa = PBXFileReference; lastKnownFileType = image.png; path = "iconTab1_hover@3x.png"; sourceTree = "<group>"; };
		700465BA1E1A7D34009B2663 /* iconTab2_hover_hover.png */ = {isa = PBXFileReference; lastKnownFileType = image.png; path = iconTab2_hover_hover.png; sourceTree = "<group>"; };
		700465BB1E1A7D34009B2663 /* iconTab2_hover@2x.png */ = {isa = PBXFileReference; lastKnownFileType = image.png; path = "iconTab2_hover@2x.png"; sourceTree = "<group>"; };
		700465BC1E1A7D34009B2663 /* iconTab2_hover@3x.png */ = {isa = PBXFileReference; lastKnownFileType = image.png; path = "iconTab2_hover@3x.png"; sourceTree = "<group>"; };
		700465BD1E1A7D34009B2663 /* iconTab3_hover.png */ = {isa = PBXFileReference; lastKnownFileType = image.png; path = iconTab3_hover.png; sourceTree = "<group>"; };
		700465BE1E1A7D34009B2663 /* iconTab3_hover@2x.png */ = {isa = PBXFileReference; lastKnownFileType = image.png; path = "iconTab3_hover@2x.png"; sourceTree = "<group>"; };
		700465BF1E1A7D34009B2663 /* iconTab3_hover@3x.png */ = {isa = PBXFileReference; lastKnownFileType = image.png; path = "iconTab3_hover@3x.png"; sourceTree = "<group>"; };
		700465CC1E1A866D009B2663 /* iconTab0@2x.png */ = {isa = PBXFileReference; lastKnownFileType = image.png; path = "iconTab0@2x.png"; sourceTree = "<group>"; };
		700465CD1E1A866D009B2663 /* iconTab0@3x.png */ = {isa = PBXFileReference; lastKnownFileType = image.png; path = "iconTab0@3x.png"; sourceTree = "<group>"; };
		700465D01E1A86B7009B2663 /* iconTab1@3x.png */ = {isa = PBXFileReference; lastKnownFileType = image.png; path = "iconTab1@3x.png"; sourceTree = "<group>"; };
		700465D21E1A8B5A009B2663 /* Default-568h@2x.png */ = {isa = PBXFileReference; lastKnownFileType = image.png; path = "Default-568h@2x.png"; sourceTree = "<group>"; };
		700465D31E1A8B5A009B2663 /* Default.png */ = {isa = PBXFileReference; lastKnownFileType = image.png; path = Default.png; sourceTree = "<group>"; };
		700465D41E1A8B5A009B2663 /* Default@2x.png */ = {isa = PBXFileReference; lastKnownFileType = image.png; path = "Default@2x.png"; sourceTree = "<group>"; };
		700465D81E1A9D38009B2663 /* PdfViewerViewController.h */ = {isa = PBXFileReference; fileEncoding = 4; lastKnownFileType = sourcecode.c.h; path = PdfViewerViewController.h; sourceTree = "<group>"; };
		700465D91E1A9D38009B2663 /* PdfViewerViewController.m */ = {isa = PBXFileReference; fileEncoding = 4; lastKnownFileType = sourcecode.c.objc; path = PdfViewerViewController.m; sourceTree = "<group>"; };
		700466421E1AA8A2009B2663 /* 2.PDF */ = {isa = PBXFileReference; lastKnownFileType = image.pdf; path = 2.PDF; sourceTree = "<group>"; };
		700466431E1AA8A2009B2663 /* 3.PDF */ = {isa = PBXFileReference; lastKnownFileType = image.pdf; path = 3.PDF; sourceTree = "<group>"; };
		700466441E1AA8A2009B2663 /* 4.PDF */ = {isa = PBXFileReference; lastKnownFileType = image.pdf; path = 4.PDF; sourceTree = "<group>"; };
		700466451E1AA8A2009B2663 /* 5.PDF */ = {isa = PBXFileReference; lastKnownFileType = image.pdf; path = 5.PDF; sourceTree = "<group>"; };
		700466461E1AA8A2009B2663 /* 6.PDF */ = {isa = PBXFileReference; lastKnownFileType = image.pdf; path = 6.PDF; sourceTree = "<group>"; };
		700466471E1AA8A2009B2663 /* 7.PDF */ = {isa = PBXFileReference; lastKnownFileType = image.pdf; path = 7.PDF; sourceTree = "<group>"; };
		700466481E1AA8A2009B2663 /* 8.PDF */ = {isa = PBXFileReference; lastKnownFileType = image.pdf; path = 8.PDF; sourceTree = "<group>"; };
		700466491E1AA8A2009B2663 /* 9.PDF */ = {isa = PBXFileReference; lastKnownFileType = image.pdf; path = 9.PDF; sourceTree = "<group>"; };
		7004664A1E1AA8A2009B2663 /* 10.PDF */ = {isa = PBXFileReference; lastKnownFileType = image.pdf; path = 10.PDF; sourceTree = "<group>"; };
		7004664B1E1AA8A2009B2663 /* 11.PDF */ = {isa = PBXFileReference; lastKnownFileType = image.pdf; path = 11.PDF; sourceTree = "<group>"; };
		7004664C1E1AA8A2009B2663 /* 12.PDF */ = {isa = PBXFileReference; lastKnownFileType = image.pdf; path = 12.PDF; sourceTree = "<group>"; };
		7004664D1E1AA8A2009B2663 /* 13.PDF */ = {isa = PBXFileReference; lastKnownFileType = image.pdf; path = 13.PDF; sourceTree = "<group>"; };
		7004664E1E1AA8A3009B2663 /* 14.PDF */ = {isa = PBXFileReference; lastKnownFileType = image.pdf; path = 14.PDF; sourceTree = "<group>"; };
		7004664F1E1AA8A3009B2663 /* 15.PDF */ = {isa = PBXFileReference; lastKnownFileType = image.pdf; path = 15.PDF; sourceTree = "<group>"; };
		700466501E1AA8A3009B2663 /* 16.PDF */ = {isa = PBXFileReference; lastKnownFileType = image.pdf; path = 16.PDF; sourceTree = "<group>"; };
		700466511E1AA8A3009B2663 /* 17.PDF */ = {isa = PBXFileReference; lastKnownFileType = image.pdf; path = 17.PDF; sourceTree = "<group>"; };
		700466521E1AA8A3009B2663 /* 18.PDF */ = {isa = PBXFileReference; lastKnownFileType = image.pdf; path = 18.PDF; sourceTree = "<group>"; };
		700466531E1AA8A3009B2663 /* 19.PDF */ = {isa = PBXFileReference; lastKnownFileType = image.pdf; path = 19.PDF; sourceTree = "<group>"; };
		700466541E1AA8A3009B2663 /* 20.PDF */ = {isa = PBXFileReference; lastKnownFileType = image.pdf; path = 20.PDF; sourceTree = "<group>"; };
		700466551E1AA8A3009B2663 /* 21.PDF */ = {isa = PBXFileReference; lastKnownFileType = image.pdf; path = 21.PDF; sourceTree = "<group>"; };
		700466561E1AA8A3009B2663 /* 22.PDF */ = {isa = PBXFileReference; lastKnownFileType = image.pdf; path = 22.PDF; sourceTree = "<group>"; };
		700466571E1AA8A3009B2663 /* 23.PDF */ = {isa = PBXFileReference; lastKnownFileType = image.pdf; path = 23.PDF; sourceTree = "<group>"; };
		700466581E1AA8A3009B2663 /* 24.PDF */ = {isa = PBXFileReference; lastKnownFileType = image.pdf; path = 24.PDF; sourceTree = "<group>"; };
		700466591E1AA8A3009B2663 /* 25.PDF */ = {isa = PBXFileReference; lastKnownFileType = image.pdf; path = 25.PDF; sourceTree = "<group>"; };
		7004665A1E1AA8A3009B2663 /* 26.PDF */ = {isa = PBXFileReference; lastKnownFileType = image.pdf; path = 26.PDF; sourceTree = "<group>"; };
		7004665B1E1AA8A3009B2663 /* 27.PDF */ = {isa = PBXFileReference; lastKnownFileType = image.pdf; path = 27.PDF; sourceTree = "<group>"; };
		7004665C1E1AA8A3009B2663 /* 28.PDF */ = {isa = PBXFileReference; lastKnownFileType = image.pdf; path = 28.PDF; sourceTree = "<group>"; };
		7004665D1E1AA8A3009B2663 /* 29.PDF */ = {isa = PBXFileReference; lastKnownFileType = image.pdf; path = 29.PDF; sourceTree = "<group>"; };
		7004665E1E1AA8A3009B2663 /* 30.PDF */ = {isa = PBXFileReference; lastKnownFileType = image.pdf; path = 30.PDF; sourceTree = "<group>"; };
		7004665F1E1AA8A3009B2663 /* 31.PDF */ = {isa = PBXFileReference; lastKnownFileType = image.pdf; path = 31.PDF; sourceTree = "<group>"; };
		700466601E1AA8A3009B2663 /* 32.PDF */ = {isa = PBXFileReference; lastKnownFileType = image.pdf; path = 32.PDF; sourceTree = "<group>"; };
		700466611E1AA8A3009B2663 /* 33.PDF */ = {isa = PBXFileReference; lastKnownFileType = image.pdf; path = 33.PDF; sourceTree = "<group>"; };
		700466621E1AA8A3009B2663 /* 34.PDF */ = {isa = PBXFileReference; lastKnownFileType = image.pdf; path = 34.PDF; sourceTree = "<group>"; };
		700466631E1AA8A3009B2663 /* 35.PDF */ = {isa = PBXFileReference; lastKnownFileType = image.pdf; path = 35.PDF; sourceTree = "<group>"; };
		700466641E1AA8A3009B2663 /* 36.PDF */ = {isa = PBXFileReference; lastKnownFileType = image.pdf; path = 36.PDF; sourceTree = "<group>"; };
		700466651E1AA8A3009B2663 /* 37.PDF */ = {isa = PBXFileReference; lastKnownFileType = image.pdf; path = 37.PDF; sourceTree = "<group>"; };
		700466661E1AA8A3009B2663 /* 38.PDF */ = {isa = PBXFileReference; lastKnownFileType = image.pdf; path = 38.PDF; sourceTree = "<group>"; };
		700466671E1AA8A3009B2663 /* 39.PDF */ = {isa = PBXFileReference; lastKnownFileType = image.pdf; path = 39.PDF; sourceTree = "<group>"; };
		700466681E1AA8A3009B2663 /* 40.PDF */ = {isa = PBXFileReference; lastKnownFileType = image.pdf; path = 40.PDF; sourceTree = "<group>"; };
		700466691E1AA8A3009B2663 /* 41.PDF */ = {isa = PBXFileReference; lastKnownFileType = image.pdf; path = 41.PDF; sourceTree = "<group>"; };
		7004666A1E1AA8A3009B2663 /* 42.PDF */ = {isa = PBXFileReference; lastKnownFileType = image.pdf; path = 42.PDF; sourceTree = "<group>"; };
		7004666B1E1AA8A3009B2663 /* 43.PDF */ = {isa = PBXFileReference; lastKnownFileType = image.pdf; path = 43.PDF; sourceTree = "<group>"; };
		7004666C1E1AA8A3009B2663 /* 44.PDF */ = {isa = PBXFileReference; lastKnownFileType = image.pdf; path = 44.PDF; sourceTree = "<group>"; };
		7004666D1E1AA8A3009B2663 /* 45.PDF */ = {isa = PBXFileReference; lastKnownFileType = image.pdf; path = 45.PDF; sourceTree = "<group>"; };
		7004666E1E1AA8A3009B2663 /* 46.PDF */ = {isa = PBXFileReference; lastKnownFileType = image.pdf; path = 46.PDF; sourceTree = "<group>"; };
		7004666F1E1AA8A3009B2663 /* 47.PDF */ = {isa = PBXFileReference; lastKnownFileType = image.pdf; path = 47.PDF; sourceTree = "<group>"; };
		700466701E1AA8A3009B2663 /* 48.PDF */ = {isa = PBXFileReference; lastKnownFileType = image.pdf; path = 48.PDF; sourceTree = "<group>"; };
		700466711E1AA8A3009B2663 /* 49.PDF */ = {isa = PBXFileReference; lastKnownFileType = image.pdf; path = 49.PDF; sourceTree = "<group>"; };
		700466721E1AA8A3009B2663 /* 50.PDF */ = {isa = PBXFileReference; lastKnownFileType = image.pdf; path = 50.PDF; sourceTree = "<group>"; };
		700466A71E1AAD89009B2663 /* 1.PDF */ = {isa = PBXFileReference; lastKnownFileType = image.pdf; path = 1.PDF; sourceTree = "<group>"; };
		700E2C631E1B905E0042A897 /* CGPDFDocument.h */ = {isa = PBXFileReference; fileEncoding = 4; lastKnownFileType = sourcecode.c.h; name = CGPDFDocument.h; path = Sources/CGPDFDocument.h; sourceTree = "<group>"; };
		700E2C641E1B905E0042A897 /* CGPDFDocument.m */ = {isa = PBXFileReference; fileEncoding = 4; lastKnownFileType = sourcecode.c.objc; name = CGPDFDocument.m; path = Sources/CGPDFDocument.m; sourceTree = "<group>"; };
		700E2C651E1B905E0042A897 /* ReaderConstants.h */ = {isa = PBXFileReference; fileEncoding = 4; lastKnownFileType = sourcecode.c.h; name = ReaderConstants.h; path = Sources/ReaderConstants.h; sourceTree = "<group>"; };
		700E2C661E1B905E0042A897 /* ReaderConstants.m */ = {isa = PBXFileReference; fileEncoding = 4; lastKnownFileType = sourcecode.c.objc; name = ReaderConstants.m; path = Sources/ReaderConstants.m; sourceTree = "<group>"; };
		700E2C671E1B905E0042A897 /* ReaderContentPage.h */ = {isa = PBXFileReference; fileEncoding = 4; lastKnownFileType = sourcecode.c.h; name = ReaderContentPage.h; path = Sources/ReaderContentPage.h; sourceTree = "<group>"; };
		700E2C681E1B905E0042A897 /* ReaderContentPage.m */ = {isa = PBXFileReference; fileEncoding = 4; lastKnownFileType = sourcecode.c.objc; name = ReaderContentPage.m; path = Sources/ReaderContentPage.m; sourceTree = "<group>"; };
		700E2C691E1B905E0042A897 /* ReaderContentTile.h */ = {isa = PBXFileReference; fileEncoding = 4; lastKnownFileType = sourcecode.c.h; name = ReaderContentTile.h; path = Sources/ReaderContentTile.h; sourceTree = "<group>"; };
		700E2C6A1E1B905E0042A897 /* ReaderContentTile.m */ = {isa = PBXFileReference; fileEncoding = 4; lastKnownFileType = sourcecode.c.objc; name = ReaderContentTile.m; path = Sources/ReaderContentTile.m; sourceTree = "<group>"; };
		700E2C6B1E1B905E0042A897 /* ReaderContentView.h */ = {isa = PBXFileReference; fileEncoding = 4; lastKnownFileType = sourcecode.c.h; name = ReaderContentView.h; path = Sources/ReaderContentView.h; sourceTree = "<group>"; };
		700E2C6C1E1B905E0042A897 /* ReaderContentView.m */ = {isa = PBXFileReference; fileEncoding = 4; lastKnownFileType = sourcecode.c.objc; name = ReaderContentView.m; path = Sources/ReaderContentView.m; sourceTree = "<group>"; };
		700E2C6D1E1B905E0042A897 /* ReaderDocument.h */ = {isa = PBXFileReference; fileEncoding = 4; lastKnownFileType = sourcecode.c.h; name = ReaderDocument.h; path = Sources/ReaderDocument.h; sourceTree = "<group>"; };
		700E2C6E1E1B905E0042A897 /* ReaderDocument.m */ = {isa = PBXFileReference; fileEncoding = 4; lastKnownFileType = sourcecode.c.objc; name = ReaderDocument.m; path = Sources/ReaderDocument.m; sourceTree = "<group>"; };
		700E2C6F1E1B905E0042A897 /* ReaderDocumentOutline.h */ = {isa = PBXFileReference; fileEncoding = 4; lastKnownFileType = sourcecode.c.h; name = ReaderDocumentOutline.h; path = Sources/ReaderDocumentOutline.h; sourceTree = "<group>"; };
		700E2C701E1B905E0042A897 /* ReaderDocumentOutline.m */ = {isa = PBXFileReference; fileEncoding = 4; lastKnownFileType = sourcecode.c.objc; name = ReaderDocumentOutline.m; path = Sources/ReaderDocumentOutline.m; sourceTree = "<group>"; };
		700E2C711E1B905E0042A897 /* ReaderMainPagebar.h */ = {isa = PBXFileReference; fileEncoding = 4; lastKnownFileType = sourcecode.c.h; name = ReaderMainPagebar.h; path = Sources/ReaderMainPagebar.h; sourceTree = "<group>"; };
		700E2C721E1B905E0042A897 /* ReaderMainPagebar.m */ = {isa = PBXFileReference; fileEncoding = 4; lastKnownFileType = sourcecode.c.objc; name = ReaderMainPagebar.m; path = Sources/ReaderMainPagebar.m; sourceTree = "<group>"; };
		700E2C731E1B905E0042A897 /* ReaderMainToolbar.h */ = {isa = PBXFileReference; fileEncoding = 4; lastKnownFileType = sourcecode.c.h; name = ReaderMainToolbar.h; path = Sources/ReaderMainToolbar.h; sourceTree = "<group>"; };
		700E2C741E1B905E0042A897 /* ReaderMainToolbar.m */ = {isa = PBXFileReference; fileEncoding = 4; lastKnownFileType = sourcecode.c.objc; name = ReaderMainToolbar.m; path = Sources/ReaderMainToolbar.m; sourceTree = "<group>"; };
		700E2C751E1B905E0042A897 /* ReaderThumbCache.h */ = {isa = PBXFileReference; fileEncoding = 4; lastKnownFileType = sourcecode.c.h; name = ReaderThumbCache.h; path = Sources/ReaderThumbCache.h; sourceTree = "<group>"; };
		700E2C761E1B905E0042A897 /* ReaderThumbCache.m */ = {isa = PBXFileReference; fileEncoding = 4; lastKnownFileType = sourcecode.c.objc; name = ReaderThumbCache.m; path = Sources/ReaderThumbCache.m; sourceTree = "<group>"; };
		700E2C771E1B905E0042A897 /* ReaderThumbFetch.h */ = {isa = PBXFileReference; fileEncoding = 4; lastKnownFileType = sourcecode.c.h; name = ReaderThumbFetch.h; path = Sources/ReaderThumbFetch.h; sourceTree = "<group>"; };
		700E2C781E1B905E0042A897 /* ReaderThumbFetch.m */ = {isa = PBXFileReference; fileEncoding = 4; lastKnownFileType = sourcecode.c.objc; name = ReaderThumbFetch.m; path = Sources/ReaderThumbFetch.m; sourceTree = "<group>"; };
		700E2C791E1B905E0042A897 /* ReaderThumbQueue.h */ = {isa = PBXFileReference; fileEncoding = 4; lastKnownFileType = sourcecode.c.h; name = ReaderThumbQueue.h; path = Sources/ReaderThumbQueue.h; sourceTree = "<group>"; };
		700E2C7A1E1B905E0042A897 /* ReaderThumbQueue.m */ = {isa = PBXFileReference; fileEncoding = 4; lastKnownFileType = sourcecode.c.objc; name = ReaderThumbQueue.m; path = Sources/ReaderThumbQueue.m; sourceTree = "<group>"; };
		700E2C7B1E1B905E0042A897 /* ReaderThumbRender.h */ = {isa = PBXFileReference; fileEncoding = 4; lastKnownFileType = sourcecode.c.h; name = ReaderThumbRender.h; path = Sources/ReaderThumbRender.h; sourceTree = "<group>"; };
		700E2C7C1E1B905E0042A897 /* ReaderThumbRender.m */ = {isa = PBXFileReference; fileEncoding = 4; lastKnownFileType = sourcecode.c.objc; name = ReaderThumbRender.m; path = Sources/ReaderThumbRender.m; sourceTree = "<group>"; };
		700E2C7D1E1B905E0042A897 /* ReaderThumbRequest.h */ = {isa = PBXFileReference; fileEncoding = 4; lastKnownFileType = sourcecode.c.h; name = ReaderThumbRequest.h; path = Sources/ReaderThumbRequest.h; sourceTree = "<group>"; };
		700E2C7E1E1B905E0042A897 /* ReaderThumbRequest.m */ = {isa = PBXFileReference; fileEncoding = 4; lastKnownFileType = sourcecode.c.objc; name = ReaderThumbRequest.m; path = Sources/ReaderThumbRequest.m; sourceTree = "<group>"; };
		700E2C7F1E1B905E0042A897 /* ReaderThumbsView.h */ = {isa = PBXFileReference; fileEncoding = 4; lastKnownFileType = sourcecode.c.h; name = ReaderThumbsView.h; path = Sources/ReaderThumbsView.h; sourceTree = "<group>"; };
		700E2C801E1B905E0042A897 /* ReaderThumbsView.m */ = {isa = PBXFileReference; fileEncoding = 4; lastKnownFileType = sourcecode.c.objc; name = ReaderThumbsView.m; path = Sources/ReaderThumbsView.m; sourceTree = "<group>"; };
		700E2C811E1B905E0042A897 /* ReaderThumbView.h */ = {isa = PBXFileReference; fileEncoding = 4; lastKnownFileType = sourcecode.c.h; name = ReaderThumbView.h; path = Sources/ReaderThumbView.h; sourceTree = "<group>"; };
		700E2C821E1B905E0042A897 /* ReaderThumbView.m */ = {isa = PBXFileReference; fileEncoding = 4; lastKnownFileType = sourcecode.c.objc; name = ReaderThumbView.m; path = Sources/ReaderThumbView.m; sourceTree = "<group>"; };
		700E2C831E1B905E0042A897 /* ReaderViewController.h */ = {isa = PBXFileReference; fileEncoding = 4; lastKnownFileType = sourcecode.c.h; name = ReaderViewController.h; path = Sources/ReaderViewController.h; sourceTree = "<group>"; };
		700E2C841E1B905E0042A897 /* ReaderViewController.m */ = {isa = PBXFileReference; fileEncoding = 4; lastKnownFileType = sourcecode.c.objc; name = ReaderViewController.m; path = Sources/ReaderViewController.m; sourceTree = "<group>"; };
		700E2C851E1B905E0042A897 /* ThumbsMainToolbar.h */ = {isa = PBXFileReference; fileEncoding = 4; lastKnownFileType = sourcecode.c.h; name = ThumbsMainToolbar.h; path = Sources/ThumbsMainToolbar.h; sourceTree = "<group>"; };
		700E2C861E1B905E0042A897 /* ThumbsMainToolbar.m */ = {isa = PBXFileReference; fileEncoding = 4; lastKnownFileType = sourcecode.c.objc; name = ThumbsMainToolbar.m; path = Sources/ThumbsMainToolbar.m; sourceTree = "<group>"; };
		700E2C871E1B905E0042A897 /* ThumbsViewController.h */ = {isa = PBXFileReference; fileEncoding = 4; lastKnownFileType = sourcecode.c.h; name = ThumbsViewController.h; path = Sources/ThumbsViewController.h; sourceTree = "<group>"; };
		700E2C881E1B905E0042A897 /* ThumbsViewController.m */ = {isa = PBXFileReference; fileEncoding = 4; lastKnownFileType = sourcecode.c.objc; name = ThumbsViewController.m; path = Sources/ThumbsViewController.m; sourceTree = "<group>"; };
		700E2C891E1B905E0042A897 /* UIXToolbarView.h */ = {isa = PBXFileReference; fileEncoding = 4; lastKnownFileType = sourcecode.c.h; name = UIXToolbarView.h; path = Sources/UIXToolbarView.h; sourceTree = "<group>"; };
		700E2C8A1E1B905E0042A897 /* UIXToolbarView.m */ = {isa = PBXFileReference; fileEncoding = 4; lastKnownFileType = sourcecode.c.objc; name = UIXToolbarView.m; path = Sources/UIXToolbarView.m; sourceTree = "<group>"; };
		700E2CA11E1B9FA60042A897 /* Reader-Button-H.png */ = {isa = PBXFileReference; lastKnownFileType = image.png; name = "Reader-Button-H.png"; path = "pdf button/Reader-Button-H.png"; sourceTree = "<group>"; };
		700E2CA21E1B9FA60042A897 /* Reader-Button-H@2x.png */ = {isa = PBXFileReference; lastKnownFileType = image.png; name = "Reader-Button-H@2x.png"; path = "pdf button/Reader-Button-H@2x.png"; sourceTree = "<group>"; };
		700E2CA31E1B9FA60042A897 /* Reader-Button-H@3x.png */ = {isa = PBXFileReference; lastKnownFileType = image.png; name = "Reader-Button-H@3x.png"; path = "pdf button/Reader-Button-H@3x.png"; sourceTree = "<group>"; };
		700E2CA41E1B9FA60042A897 /* Reader-Button-N.png */ = {isa = PBXFileReference; lastKnownFileType = image.png; name = "Reader-Button-N.png"; path = "pdf button/Reader-Button-N.png"; sourceTree = "<group>"; };
		700E2CA51E1B9FA60042A897 /* Reader-Button-N@2x.png */ = {isa = PBXFileReference; lastKnownFileType = image.png; name = "Reader-Button-N@2x.png"; path = "pdf button/Reader-Button-N@2x.png"; sourceTree = "<group>"; };
		700E2CA61E1B9FA60042A897 /* Reader-Button-N@3x.png */ = {isa = PBXFileReference; lastKnownFileType = image.png; name = "Reader-Button-N@3x.png"; path = "pdf button/Reader-Button-N@3x.png"; sourceTree = "<group>"; };
		700E2CA71E1B9FA60042A897 /* Reader-Email.png */ = {isa = PBXFileReference; lastKnownFileType = image.png; name = "Reader-Email.png"; path = "pdf button/Reader-Email.png"; sourceTree = "<group>"; };
		700E2CA81E1B9FA60042A897 /* Reader-Email@2x.png */ = {isa = PBXFileReference; lastKnownFileType = image.png; name = "Reader-Email@2x.png"; path = "pdf button/Reader-Email@2x.png"; sourceTree = "<group>"; };
		700E2CA91E1B9FA60042A897 /* Reader-Email@3x.png */ = {isa = PBXFileReference; lastKnownFileType = image.png; name = "Reader-Email@3x.png"; path = "pdf button/Reader-Email@3x.png"; sourceTree = "<group>"; };
		700E2CAA1E1B9FA60042A897 /* Reader-Export.png */ = {isa = PBXFileReference; lastKnownFileType = image.png; name = "Reader-Export.png"; path = "pdf button/Reader-Export.png"; sourceTree = "<group>"; };
		700E2CAB1E1B9FA60042A897 /* Reader-Export@2x.png */ = {isa = PBXFileReference; lastKnownFileType = image.png; name = "Reader-Export@2x.png"; path = "pdf button/Reader-Export@2x.png"; sourceTree = "<group>"; };
		700E2CAC1E1B9FA60042A897 /* Reader-Export@3x.png */ = {isa = PBXFileReference; lastKnownFileType = image.png; name = "Reader-Export@3x.png"; path = "pdf button/Reader-Export@3x.png"; sourceTree = "<group>"; };
		700E2CAD1E1B9FA60042A897 /* Reader-Mark-N.png */ = {isa = PBXFileReference; lastKnownFileType = image.png; name = "Reader-Mark-N.png"; path = "pdf button/Reader-Mark-N.png"; sourceTree = "<group>"; };
		700E2CAE1E1B9FA60042A897 /* Reader-Mark-N@2x.png */ = {isa = PBXFileReference; lastKnownFileType = image.png; name = "Reader-Mark-N@2x.png"; path = "pdf button/Reader-Mark-N@2x.png"; sourceTree = "<group>"; };
		700E2CAF1E1B9FA60042A897 /* Reader-Mark-N@3x.png */ = {isa = PBXFileReference; lastKnownFileType = image.png; name = "Reader-Mark-N@3x.png"; path = "pdf button/Reader-Mark-N@3x.png"; sourceTree = "<group>"; };
		700E2CB01E1B9FA60042A897 /* Reader-Mark-Y.png */ = {isa = PBXFileReference; lastKnownFileType = image.png; name = "Reader-Mark-Y.png"; path = "pdf button/Reader-Mark-Y.png"; sourceTree = "<group>"; };
		700E2CB11E1B9FA60042A897 /* Reader-Mark-Y@2x.png */ = {isa = PBXFileReference; lastKnownFileType = image.png; name = "Reader-Mark-Y@2x.png"; path = "pdf button/Reader-Mark-Y@2x.png"; sourceTree = "<group>"; };
		700E2CB21E1B9FA60042A897 /* Reader-Mark-Y@3x.png */ = {isa = PBXFileReference; lastKnownFileType = image.png; name = "Reader-Mark-Y@3x.png"; path = "pdf button/Reader-Mark-Y@3x.png"; sourceTree = "<group>"; };
		700E2CB31E1B9FA60042A897 /* Reader-Print.png */ = {isa = PBXFileReference; lastKnownFileType = image.png; name = "Reader-Print.png"; path = "pdf button/Reader-Print.png"; sourceTree = "<group>"; };
		700E2CB41E1B9FA60042A897 /* Reader-Print@2x.png */ = {isa = PBXFileReference; lastKnownFileType = image.png; name = "Reader-Print@2x.png"; path = "pdf button/Reader-Print@2x.png"; sourceTree = "<group>"; };
		700E2CB51E1B9FA60042A897 /* Reader-Print@3x.png */ = {isa = PBXFileReference; lastKnownFileType = image.png; name = "Reader-Print@3x.png"; path = "pdf button/Reader-Print@3x.png"; sourceTree = "<group>"; };
		700E2CB61E1B9FA60042A897 /* Reader-Thumbs.png */ = {isa = PBXFileReference; lastKnownFileType = image.png; name = "Reader-Thumbs.png"; path = "pdf button/Reader-Thumbs.png"; sourceTree = "<group>"; };
		700E2CB71E1B9FA60042A897 /* Reader-Thumbs@2x.png */ = {isa = PBXFileReference; lastKnownFileType = image.png; name = "Reader-Thumbs@2x.png"; path = "pdf button/Reader-Thumbs@2x.png"; sourceTree = "<group>"; };
		700E2CB81E1B9FA60042A897 /* Reader-Thumbs@3x.png */ = {isa = PBXFileReference; lastKnownFileType = image.png; name = "Reader-Thumbs@3x.png"; path = "pdf button/Reader-Thumbs@3x.png"; sourceTree = "<group>"; };
		700E2CD21E1B9FDA0042A897 /* Foundation.framework */ = {isa = PBXFileReference; lastKnownFileType = wrapper.framework; name = Foundation.framework; path = System/Library/Frameworks/Foundation.framework; sourceTree = SDKROOT; };
		700E2CD41E1B9FE20042A897 /* CoreGraphics.framework */ = {isa = PBXFileReference; lastKnownFileType = wrapper.framework; name = CoreGraphics.framework; path = System/Library/Frameworks/CoreGraphics.framework; sourceTree = SDKROOT; };
		700E2CD61E1B9FE80042A897 /* QuartzCore.framework */ = {isa = PBXFileReference; lastKnownFileType = wrapper.framework; name = QuartzCore.framework; path = System/Library/Frameworks/QuartzCore.framework; sourceTree = SDKROOT; };
		700E2CD81E1B9FEF0042A897 /* MessageUI.framework */ = {isa = PBXFileReference; lastKnownFileType = wrapper.framework; name = MessageUI.framework; path = System/Library/Frameworks/MessageUI.framework; sourceTree = SDKROOT; };
		700E2CDA1E1B9FF60042A897 /* ImageIO.framework */ = {isa = PBXFileReference; lastKnownFileType = wrapper.framework; name = ImageIO.framework; path = System/Library/Frameworks/ImageIO.framework; sourceTree = SDKROOT; };
		700E2CDC1E1BAF480042A897 /* In Closing.PDF */ = {isa = PBXFileReference; lastKnownFileType = image.pdf; path = "In Closing.PDF"; sourceTree = "<group>"; };
		702770CD1E1BBB8E00D8E4C5 /* accessoryIcon@2x.png */ = {isa = PBXFileReference; lastKnownFileType = image.png; path = "accessoryIcon@2x.png"; sourceTree = "<group>"; };
/* End PBXFileReference section */

/* Begin PBXFrameworksBuildPhase section */
		3BFA81401E16A07F005C6299 /* Frameworks */ = {
			isa = PBXFrameworksBuildPhase;
			buildActionMask = 2147483647;
			files = (
				700E2CDB1E1B9FF60042A897 /* ImageIO.framework in Frameworks */,
				700E2CD91E1B9FEF0042A897 /* MessageUI.framework in Frameworks */,
				700E2CD71E1B9FE80042A897 /* QuartzCore.framework in Frameworks */,
				700E2CD51E1B9FE20042A897 /* CoreGraphics.framework in Frameworks */,
				700E2CD31E1B9FDA0042A897 /* Foundation.framework in Frameworks */,
			);
			runOnlyForDeploymentPostprocessing = 0;
		};
/* End PBXFrameworksBuildPhase section */

/* Begin PBXGroup section */
		3BFA813A1E16A07F005C6299 = {
			isa = PBXGroup;
			children = (
				3BFA81451E16A07F005C6299 /* 50 Thinks Book */,
				3BFA81441E16A07F005C6299 /* Products */,
				700E2CD11E1B9FDA0042A897 /* Frameworks */,
			);
			sourceTree = "<group>";
		};
		3BFA81441E16A07F005C6299 /* Products */ = {
			isa = PBXGroup;
			children = (
				3BFA81431E16A07F005C6299 /* 50 Thinks Book.app */,
			);
			name = Products;
			sourceTree = "<group>";
		};
		3BFA81451E16A07F005C6299 /* 50 Thinks Book */ = {
			isa = PBXGroup;
			children = (
				700E2C9F1E1B90620042A897 /* Reader */,
				700465971E1A51DB009B2663 /* Controllers */,
				700465991E1A5201009B2663 /* Images */,
				3BFA81521E16A07F005C6299 /* Main.storyboard */,
				3BFA81551E16A080005C6299 /* Assets.xcassets */,
				3BFA815A1E16A080005C6299 /* Info.plist */,
				700465DC1E1AA56F009B2663 /* PDF */,
				3BFA81461E16A07F005C6299 /* Supporting Files */,
			);
			path = "50 Thinks Book";
			sourceTree = "<group>";
		};
		3BFA81461E16A07F005C6299 /* Supporting Files */ = {
			isa = PBXGroup;
			children = (
				3BFA81471E16A07F005C6299 /* main.m */,
			);
			name = "Supporting Files";
			sourceTree = "<group>";
		};
		700465971E1A51DB009B2663 /* Controllers */ = {
			isa = PBXGroup;
			children = (
				3BFA81491E16A07F005C6299 /* AppDelegate.h */,
				3BFA814A1E16A07F005C6299 /* AppDelegate.m */,
				3BFA81931E170E0A005C6299 /* ForewordViewController.h */,
				3BFA81941E170E0A005C6299 /* ForewordViewController.m */,
				3BFA81621E16C7DD005C6299 /* IndexViewController.h */,
				3BFA81631E16C7DD005C6299 /* IndexViewController.m */,
				700465D81E1A9D38009B2663 /* PdfViewerViewController.h */,
				700465D91E1A9D38009B2663 /* PdfViewerViewController.m */,
				3BFA81651E16CF68005C6299 /* AuthorViewController.h */,
				3BFA81661E16CF68005C6299 /* AuthorViewController.m */,
				3BFA81901E16F6B9005C6299 /* HardCopyViewController.h */,
				3BFA81911E16F6B9005C6299 /* HardCopyViewController.m */,
			);
			name = Controllers;
			sourceTree = "<group>";
		};
		700465991E1A5201009B2663 /* Images */ = {
			isa = PBXGroup;
			children = (
				702770CD1E1BBB8E00D8E4C5 /* accessoryIcon@2x.png */,
				700E2CA01E1B9F940042A897 /* PDF Button */,
				700465D21E1A8B5A009B2663 /* Default-568h@2x.png */,
				700465D31E1A8B5A009B2663 /* Default.png */,
				700465D41E1A8B5A009B2663 /* Default@2x.png */,
				700465B41E1A7D34009B2663 /* iconTab0_hover.png */,
				700465B51E1A7D34009B2663 /* iconTab0_hover@2x.png */,
				700465B61E1A7D34009B2663 /* iconTab0_hover@3x.png */,
				700465B71E1A7D34009B2663 /* iconTab1_hover_hover.png */,
				700465B81E1A7D34009B2663 /* iconTab1_hover@2x.png */,
				700465B91E1A7D34009B2663 /* iconTab1_hover@3x.png */,
				700465BA1E1A7D34009B2663 /* iconTab2_hover_hover.png */,
				700465BB1E1A7D34009B2663 /* iconTab2_hover@2x.png */,
				700465BC1E1A7D34009B2663 /* iconTab2_hover@3x.png */,
				700465BD1E1A7D34009B2663 /* iconTab3_hover.png */,
				700465BE1E1A7D34009B2663 /* iconTab3_hover@2x.png */,
				700465BF1E1A7D34009B2663 /* iconTab3_hover@3x.png */,
				700465B21E1A6150009B2663 /* foreword@2x.png */,
				7004659A1E1A6092009B2663 /* iconTab0.png */,
				700465CC1E1A866D009B2663 /* iconTab0@2x.png */,
				700465CD1E1A866D009B2663 /* iconTab0@3x.png */,
				7004659D1E1A6092009B2663 /* iconTab1.png */,
				7004659E1E1A6092009B2663 /* iconTab1@2x.png */,
				700465D01E1A86B7009B2663 /* iconTab1@3x.png */,
				700465A01E1A6092009B2663 /* iconTab2.png */,
				700465A11E1A6092009B2663 /* iconTab2@2x.png */,
				700465A21E1A6092009B2663 /* iconTab2@3x.png */,
				700465A31E1A6092009B2663 /* iconTab3.png */,
				700465A41E1A6092009B2663 /* iconTab3@2x.png */,
				700465A51E1A6092009B2663 /* iconTab3@3x.png */,
				3BFA81881E16E76F005C6299 /* amazon@2x.png */,
				3BFA81891E16E76F005C6299 /* LuluLogo@2x.png */,
				3BFA818E1E16F4AB005C6299 /* timShiner@2x.png */,
			);
			name = Images;
			sourceTree = "<group>";
		};
		700465DC1E1AA56F009B2663 /* PDF */ = {
			isa = PBXGroup;
			children = (
				700E2CDC1E1BAF480042A897 /* In Closing.PDF */,
				700466A71E1AAD89009B2663 /* 1.PDF */,
				700466421E1AA8A2009B2663 /* 2.PDF */,
				700466431E1AA8A2009B2663 /* 3.PDF */,
				700466441E1AA8A2009B2663 /* 4.PDF */,
				700466451E1AA8A2009B2663 /* 5.PDF */,
				700466461E1AA8A2009B2663 /* 6.PDF */,
				700466471E1AA8A2009B2663 /* 7.PDF */,
				700466481E1AA8A2009B2663 /* 8.PDF */,
				700466491E1AA8A2009B2663 /* 9.PDF */,
				7004664A1E1AA8A2009B2663 /* 10.PDF */,
				7004664B1E1AA8A2009B2663 /* 11.PDF */,
				7004664C1E1AA8A2009B2663 /* 12.PDF */,
				7004664D1E1AA8A2009B2663 /* 13.PDF */,
				7004664E1E1AA8A3009B2663 /* 14.PDF */,
				7004664F1E1AA8A3009B2663 /* 15.PDF */,
				700466501E1AA8A3009B2663 /* 16.PDF */,
				700466511E1AA8A3009B2663 /* 17.PDF */,
				700466521E1AA8A3009B2663 /* 18.PDF */,
				700466531E1AA8A3009B2663 /* 19.PDF */,
				700466541E1AA8A3009B2663 /* 20.PDF */,
				700466551E1AA8A3009B2663 /* 21.PDF */,
				700466561E1AA8A3009B2663 /* 22.PDF */,
				700466571E1AA8A3009B2663 /* 23.PDF */,
				700466581E1AA8A3009B2663 /* 24.PDF */,
				700466591E1AA8A3009B2663 /* 25.PDF */,
				7004665A1E1AA8A3009B2663 /* 26.PDF */,
				7004665B1E1AA8A3009B2663 /* 27.PDF */,
				7004665C1E1AA8A3009B2663 /* 28.PDF */,
				7004665D1E1AA8A3009B2663 /* 29.PDF */,
				7004665E1E1AA8A3009B2663 /* 30.PDF */,
				7004665F1E1AA8A3009B2663 /* 31.PDF */,
				700466601E1AA8A3009B2663 /* 32.PDF */,
				700466611E1AA8A3009B2663 /* 33.PDF */,
				700466621E1AA8A3009B2663 /* 34.PDF */,
				700466631E1AA8A3009B2663 /* 35.PDF */,
				700466641E1AA8A3009B2663 /* 36.PDF */,
				700466651E1AA8A3009B2663 /* 37.PDF */,
				700466661E1AA8A3009B2663 /* 38.PDF */,
				700466671E1AA8A3009B2663 /* 39.PDF */,
				700466681E1AA8A3009B2663 /* 40.PDF */,
				700466691E1AA8A3009B2663 /* 41.PDF */,
				7004666A1E1AA8A3009B2663 /* 42.PDF */,
				7004666B1E1AA8A3009B2663 /* 43.PDF */,
				7004666C1E1AA8A3009B2663 /* 44.PDF */,
				7004666D1E1AA8A3009B2663 /* 45.PDF */,
				7004666E1E1AA8A3009B2663 /* 46.PDF */,
				7004666F1E1AA8A3009B2663 /* 47.PDF */,
				700466701E1AA8A3009B2663 /* 48.PDF */,
				700466711E1AA8A3009B2663 /* 49.PDF */,
				700466721E1AA8A3009B2663 /* 50.PDF */,
			);
			name = PDF;
			sourceTree = "<group>";
		};
		700E2C9F1E1B90620042A897 /* Reader */ = {
			isa = PBXGroup;
			children = (
				700E2C631E1B905E0042A897 /* CGPDFDocument.h */,
				700E2C641E1B905E0042A897 /* CGPDFDocument.m */,
				700E2C651E1B905E0042A897 /* ReaderConstants.h */,
				700E2C661E1B905E0042A897 /* ReaderConstants.m */,
				700E2C671E1B905E0042A897 /* ReaderContentPage.h */,
				700E2C681E1B905E0042A897 /* ReaderContentPage.m */,
				700E2C691E1B905E0042A897 /* ReaderContentTile.h */,
				700E2C6A1E1B905E0042A897 /* ReaderContentTile.m */,
				700E2C6B1E1B905E0042A897 /* ReaderContentView.h */,
				700E2C6C1E1B905E0042A897 /* ReaderContentView.m */,
				700E2C6D1E1B905E0042A897 /* ReaderDocument.h */,
				700E2C6E1E1B905E0042A897 /* ReaderDocument.m */,
				700E2C6F1E1B905E0042A897 /* ReaderDocumentOutline.h */,
				700E2C701E1B905E0042A897 /* ReaderDocumentOutline.m */,
				700E2C711E1B905E0042A897 /* ReaderMainPagebar.h */,
				700E2C721E1B905E0042A897 /* ReaderMainPagebar.m */,
				700E2C731E1B905E0042A897 /* ReaderMainToolbar.h */,
				700E2C741E1B905E0042A897 /* ReaderMainToolbar.m */,
				700E2C751E1B905E0042A897 /* ReaderThumbCache.h */,
				700E2C761E1B905E0042A897 /* ReaderThumbCache.m */,
				700E2C771E1B905E0042A897 /* ReaderThumbFetch.h */,
				700E2C781E1B905E0042A897 /* ReaderThumbFetch.m */,
				700E2C791E1B905E0042A897 /* ReaderThumbQueue.h */,
				700E2C7A1E1B905E0042A897 /* ReaderThumbQueue.m */,
				700E2C7B1E1B905E0042A897 /* ReaderThumbRender.h */,
				700E2C7C1E1B905E0042A897 /* ReaderThumbRender.m */,
				700E2C7D1E1B905E0042A897 /* ReaderThumbRequest.h */,
				700E2C7E1E1B905E0042A897 /* ReaderThumbRequest.m */,
				700E2C7F1E1B905E0042A897 /* ReaderThumbsView.h */,
				700E2C801E1B905E0042A897 /* ReaderThumbsView.m */,
				700E2C811E1B905E0042A897 /* ReaderThumbView.h */,
				700E2C821E1B905E0042A897 /* ReaderThumbView.m */,
				700E2C831E1B905E0042A897 /* ReaderViewController.h */,
				700E2C841E1B905E0042A897 /* ReaderViewController.m */,
				700E2C851E1B905E0042A897 /* ThumbsMainToolbar.h */,
				700E2C861E1B905E0042A897 /* ThumbsMainToolbar.m */,
				700E2C871E1B905E0042A897 /* ThumbsViewController.h */,
				700E2C881E1B905E0042A897 /* ThumbsViewController.m */,
				700E2C891E1B905E0042A897 /* UIXToolbarView.h */,
				700E2C8A1E1B905E0042A897 /* UIXToolbarView.m */,
			);
			name = Reader;
			sourceTree = "<group>";
		};
		700E2CA01E1B9F940042A897 /* PDF Button */ = {
			isa = PBXGroup;
			children = (
				700E2CA11E1B9FA60042A897 /* Reader-Button-H.png */,
				700E2CA21E1B9FA60042A897 /* Reader-Button-H@2x.png */,
				700E2CA31E1B9FA60042A897 /* Reader-Button-H@3x.png */,
				700E2CA41E1B9FA60042A897 /* Reader-Button-N.png */,
				700E2CA51E1B9FA60042A897 /* Reader-Button-N@2x.png */,
				700E2CA61E1B9FA60042A897 /* Reader-Button-N@3x.png */,
				700E2CA71E1B9FA60042A897 /* Reader-Email.png */,
				700E2CA81E1B9FA60042A897 /* Reader-Email@2x.png */,
				700E2CA91E1B9FA60042A897 /* Reader-Email@3x.png */,
				700E2CAA1E1B9FA60042A897 /* Reader-Export.png */,
				700E2CAB1E1B9FA60042A897 /* Reader-Export@2x.png */,
				700E2CAC1E1B9FA60042A897 /* Reader-Export@3x.png */,
				700E2CAD1E1B9FA60042A897 /* Reader-Mark-N.png */,
				700E2CAE1E1B9FA60042A897 /* Reader-Mark-N@2x.png */,
				700E2CAF1E1B9FA60042A897 /* Reader-Mark-N@3x.png */,
				700E2CB01E1B9FA60042A897 /* Reader-Mark-Y.png */,
				700E2CB11E1B9FA60042A897 /* Reader-Mark-Y@2x.png */,
				700E2CB21E1B9FA60042A897 /* Reader-Mark-Y@3x.png */,
				700E2CB31E1B9FA60042A897 /* Reader-Print.png */,
				700E2CB41E1B9FA60042A897 /* Reader-Print@2x.png */,
				700E2CB51E1B9FA60042A897 /* Reader-Print@3x.png */,
				700E2CB61E1B9FA60042A897 /* Reader-Thumbs.png */,
				700E2CB71E1B9FA60042A897 /* Reader-Thumbs@2x.png */,
				700E2CB81E1B9FA60042A897 /* Reader-Thumbs@3x.png */,
			);
			name = "PDF Button";
			sourceTree = "<group>";
		};
		700E2CD11E1B9FDA0042A897 /* Frameworks */ = {
			isa = PBXGroup;
			children = (
				700E2CDA1E1B9FF60042A897 /* ImageIO.framework */,
				700E2CD81E1B9FEF0042A897 /* MessageUI.framework */,
				700E2CD61E1B9FE80042A897 /* QuartzCore.framework */,
				700E2CD41E1B9FE20042A897 /* CoreGraphics.framework */,
				700E2CD21E1B9FDA0042A897 /* Foundation.framework */,
			);
			name = Frameworks;
			sourceTree = "<group>";
		};
/* End PBXGroup section */

/* Begin PBXNativeTarget section */
		3BFA81421E16A07F005C6299 /* 50 Thinks Book */ = {
			isa = PBXNativeTarget;
			buildConfigurationList = 3BFA815D1E16A080005C6299 /* Build configuration list for PBXNativeTarget "50 Thinks Book" */;
			buildPhases = (
				3BFA813F1E16A07F005C6299 /* Sources */,
				3BFA81401E16A07F005C6299 /* Frameworks */,
				3BFA81411E16A07F005C6299 /* Resources */,
			);
			buildRules = (
			);
			dependencies = (
			);
			name = "50 Thinks Book";
			productName = "50 Thinks Book";
			productReference = 3BFA81431E16A07F005C6299 /* 50 Thinks Book.app */;
			productType = "com.apple.product-type.application";
		};
/* End PBXNativeTarget section */

/* Begin PBXProject section */
		3BFA813B1E16A07F005C6299 /* Project object */ = {
			isa = PBXProject;
			attributes = {
				LastUpgradeCheck = 0820;
				ORGANIZATIONNAME = csm;
				TargetAttributes = {
					3BFA81421E16A07F005C6299 = {
						CreatedOnToolsVersion = 8.2.1;
						DevelopmentTeam = 68449K2QZC;
						ProvisioningStyle = Automatic;
					};
				};
			};
			buildConfigurationList = 3BFA813E1E16A07F005C6299 /* Build configuration list for PBXProject "50 Thinks Book" */;
			compatibilityVersion = "Xcode 3.2";
			developmentRegion = English;
			hasScannedForEncodings = 0;
			knownRegions = (
				en,
				Base,
			);
			mainGroup = 3BFA813A1E16A07F005C6299;
			productRefGroup = 3BFA81441E16A07F005C6299 /* Products */;
			projectDirPath = "";
			projectRoot = "";
			targets = (
				3BFA81421E16A07F005C6299 /* 50 Thinks Book */,
			);
		};
/* End PBXProject section */

/* Begin PBXResourcesBuildPhase section */
		3BFA81411E16A07F005C6299 /* Resources */ = {
			isa = PBXResourcesBuildPhase;
			buildActionMask = 2147483647;
			files = (
				700466921E1AA8A3009B2663 /* 32.PDF in Resources */,
				700E2CC11E1B9FA60042A897 /* Reader-Email@3x.png in Resources */,
				700466851E1AA8A3009B2663 /* 19.PDF in Resources */,
				700E2CBD1E1B9FA60042A897 /* Reader-Button-N@2x.png in Resources */,
				700E2CC01E1B9FA60042A897 /* Reader-Email@2x.png in Resources */,
				700466751E1AA8A3009B2663 /* 3.PDF in Resources */,
				700E2CCD1E1B9FA60042A897 /* Reader-Print@3x.png in Resources */,
				700E2CC91E1B9FA60042A897 /* Reader-Mark-Y@2x.png in Resources */,
				702770CE1E1BBB8E00D8E4C5 /* accessoryIcon@2x.png in Resources */,
				700E2CBE1E1B9FA60042A897 /* Reader-Button-N@3x.png in Resources */,
				700465C01E1A7D34009B2663 /* iconTab0_hover.png in Resources */,
				700E2CC71E1B9FA60042A897 /* Reader-Mark-N@3x.png in Resources */,
				700465D11E1A86B7009B2663 /* iconTab1@3x.png in Resources */,
				700466801E1AA8A3009B2663 /* 14.PDF in Resources */,
				700466881E1AA8A3009B2663 /* 22.PDF in Resources */,
				700466901E1AA8A3009B2663 /* 30.PDF in Resources */,
				7004669A1E1AA8A3009B2663 /* 40.PDF in Resources */,
				7004669B1E1AA8A3009B2663 /* 41.PDF in Resources */,
				700E2CCB1E1B9FA60042A897 /* Reader-Print.png in Resources */,
				700466741E1AA8A3009B2663 /* 2.PDF in Resources */,
				700466761E1AA8A3009B2663 /* 4.PDF in Resources */,
				7004667E1E1AA8A3009B2663 /* 12.PDF in Resources */,
				700465C61E1A7D34009B2663 /* iconTab2_hover_hover.png in Resources */,
				700466931E1AA8A3009B2663 /* 33.PDF in Resources */,
				700466A31E1AA8A3009B2663 /* 49.PDF in Resources */,
				700466781E1AA8A3009B2663 /* 6.PDF in Resources */,
				7004668B1E1AA8A3009B2663 /* 25.PDF in Resources */,
				700E2CCE1E1B9FA60042A897 /* Reader-Thumbs.png in Resources */,
				3BFA81561E16A080005C6299 /* Assets.xcassets in Resources */,
				700E2CDD1E1BAF480042A897 /* In Closing.PDF in Resources */,
				700465AF1E1A6092009B2663 /* iconTab3.png in Resources */,
				700466821E1AA8A3009B2663 /* 16.PDF in Resources */,
				7004669C1E1AA8A3009B2663 /* 42.PDF in Resources */,
				700466951E1AA8A3009B2663 /* 35.PDF in Resources */,
				700466771E1AA8A3009B2663 /* 5.PDF in Resources */,
				700466971E1AA8A3009B2663 /* 37.PDF in Resources */,
				700465CA1E1A7D34009B2663 /* iconTab3_hover@2x.png in Resources */,
				700466A11E1AA8A3009B2663 /* 47.PDF in Resources */,
				700E2CB91E1B9FA60042A897 /* Reader-Button-H.png in Resources */,
				700465AA1E1A6092009B2663 /* iconTab1@2x.png in Resources */,
				700E2CBA1E1B9FA60042A897 /* Reader-Button-H@2x.png in Resources */,
				700466791E1AA8A3009B2663 /* 7.PDF in Resources */,
				700E2CC61E1B9FA60042A897 /* Reader-Mark-N@2x.png in Resources */,
				700465C41E1A7D34009B2663 /* iconTab1_hover@2x.png in Resources */,
				700E2CCC1E1B9FA60042A897 /* Reader-Print@2x.png in Resources */,
				7004668E1E1AA8A3009B2663 /* 28.PDF in Resources */,
				700466891E1AA8A3009B2663 /* 23.PDF in Resources */,
				700466941E1AA8A3009B2663 /* 34.PDF in Resources */,
				3BFA81541E16A07F005C6299 /* Main.storyboard in Resources */,
				7004668A1E1AA8A3009B2663 /* 24.PDF in Resources */,
				700465D61E1A8B5A009B2663 /* Default.png in Resources */,
				700466A81E1AAD89009B2663 /* 1.PDF in Resources */,
				700E2CC41E1B9FA60042A897 /* Reader-Export@3x.png in Resources */,
				700465A91E1A6092009B2663 /* iconTab1.png in Resources */,
				700E2CCF1E1B9FA60042A897 /* Reader-Thumbs@2x.png in Resources */,
				700466811E1AA8A3009B2663 /* 15.PDF in Resources */,
				700465C11E1A7D34009B2663 /* iconTab0_hover@2x.png in Resources */,
				700466861E1AA8A3009B2663 /* 20.PDF in Resources */,
				700E2CBB1E1B9FA60042A897 /* Reader-Button-H@3x.png in Resources */,
				700465C91E1A7D34009B2663 /* iconTab3_hover.png in Resources */,
				700E2CBF1E1B9FA60042A897 /* Reader-Email.png in Resources */,
				700466961E1AA8A3009B2663 /* 36.PDF in Resources */,
				7004669D1E1AA8A3009B2663 /* 43.PDF in Resources */,
				7004668C1E1AA8A3009B2663 /* 26.PDF in Resources */,
				7004667D1E1AA8A3009B2663 /* 11.PDF in Resources */,
				700465D51E1A8B5A009B2663 /* Default-568h@2x.png in Resources */,
				7004667A1E1AA8A3009B2663 /* 8.PDF in Resources */,
				700466A01E1AA8A3009B2663 /* 46.PDF in Resources */,
				700466991E1AA8A3009B2663 /* 39.PDF in Resources */,
				7004668F1E1AA8A3009B2663 /* 29.PDF in Resources */,
				700E2CBC1E1B9FA60042A897 /* Reader-Button-N.png in Resources */,
				700465C81E1A7D34009B2663 /* iconTab2_hover@3x.png in Resources */,
				700465CE1E1A866D009B2663 /* iconTab0@2x.png in Resources */,
				700466A41E1AA8A3009B2663 /* 50.PDF in Resources */,
				3BFA818B1E16E76F005C6299 /* LuluLogo@2x.png in Resources */,
				700466831E1AA8A3009B2663 /* 17.PDF in Resources */,
				700465AD1E1A6092009B2663 /* iconTab2@2x.png in Resources */,
				700466841E1AA8A3009B2663 /* 18.PDF in Resources */,
				700466A21E1AA8A3009B2663 /* 48.PDF in Resources */,
				700E2CC81E1B9FA60042A897 /* Reader-Mark-Y.png in Resources */,
				700466981E1AA8A3009B2663 /* 38.PDF in Resources */,
				700465CF1E1A866D009B2663 /* iconTab0@3x.png in Resources */,
				700465AC1E1A6092009B2663 /* iconTab2.png in Resources */,
				700466871E1AA8A3009B2663 /* 21.PDF in Resources */,
				7004667F1E1AA8A3009B2663 /* 13.PDF in Resources */,
				700E2CC51E1B9FA60042A897 /* Reader-Mark-N.png in Resources */,
				700465C31E1A7D34009B2663 /* iconTab1_hover_hover.png in Resources */,
				700E2CD01E1B9FA60042A897 /* Reader-Thumbs@3x.png in Resources */,
				3BFA818F1E16F4AB005C6299 /* timShiner@2x.png in Resources */,
				7004667B1E1AA8A3009B2663 /* 9.PDF in Resources */,
				700466911E1AA8A3009B2663 /* 31.PDF in Resources */,
				7004669E1E1AA8A3009B2663 /* 44.PDF in Resources */,
				700465A61E1A6092009B2663 /* iconTab0.png in Resources */,
				7004669F1E1AA8A3009B2663 /* 45.PDF in Resources */,
				700465C21E1A7D34009B2663 /* iconTab0_hover@3x.png in Resources */,
				700465C71E1A7D34009B2663 /* iconTab2_hover@2x.png in Resources */,
				700465D71E1A8B5A009B2663 /* Default@2x.png in Resources */,
				700E2CC31E1B9FA60042A897 /* Reader-Export@2x.png in Resources */,
				700465C51E1A7D34009B2663 /* iconTab1_hover@3x.png in Resources */,
				700465B11E1A6092009B2663 /* iconTab3@3x.png in Resources */,
				700E2CCA1E1B9FA60042A897 /* Reader-Mark-Y@3x.png in Resources */,
				7004667C1E1AA8A3009B2663 /* 10.PDF in Resources */,
				700E2CC21E1B9FA60042A897 /* Reader-Export.png in Resources */,
				700465AE1E1A6092009B2663 /* iconTab2@3x.png in Resources */,
				7004668D1E1AA8A3009B2663 /* 27.PDF in Resources */,
				3BFA818A1E16E76F005C6299 /* amazon@2x.png in Resources */,
				700465B31E1A6150009B2663 /* foreword@2x.png in Resources */,
				700465B01E1A6092009B2663 /* iconTab3@2x.png in Resources */,
				700465CB1E1A7D34009B2663 /* iconTab3_hover@3x.png in Resources */,
			);
			runOnlyForDeploymentPostprocessing = 0;
		};
/* End PBXResourcesBuildPhase section */

/* Begin PBXSourcesBuildPhase section */
		3BFA813F1E16A07F005C6299 /* Sources */ = {
			isa = PBXSourcesBuildPhase;
			buildActionMask = 2147483647;
			files = (
				700E2C8C1E1B905E0042A897 /* ReaderConstants.m in Sources */,
				3BFA81921E16F6B9005C6299 /* HardCopyViewController.m in Sources */,
				3BFA814B1E16A07F005C6299 /* AppDelegate.m in Sources */,
				700E2C9B1E1B905E0042A897 /* ReaderViewController.m in Sources */,
				700E2C8F1E1B905E0042A897 /* ReaderContentView.m in Sources */,
				700E2C9A1E1B905E0042A897 /* ReaderThumbView.m in Sources */,
				700E2C9C1E1B905E0042A897 /* ThumbsMainToolbar.m in Sources */,
				700E2C941E1B905E0042A897 /* ReaderThumbCache.m in Sources */,
				700E2C911E1B905E0042A897 /* ReaderDocumentOutline.m in Sources */,
				700E2C951E1B905E0042A897 /* ReaderThumbFetch.m in Sources */,
				3BFA81671E16CF68005C6299 /* AuthorViewController.m in Sources */,
				700E2C9D1E1B905E0042A897 /* ThumbsViewController.m in Sources */,
				3BFA81481E16A07F005C6299 /* main.m in Sources */,
				700E2C981E1B905E0042A897 /* ReaderThumbRequest.m in Sources */,
				700E2C8D1E1B905E0042A897 /* ReaderContentPage.m in Sources */,
				3BFA81951E170E0A005C6299 /* ForewordViewController.m in Sources */,
				700E2C931E1B905E0042A897 /* ReaderMainToolbar.m in Sources */,
				700E2C8B1E1B905E0042A897 /* CGPDFDocument.m in Sources */,
				700E2C961E1B905E0042A897 /* ReaderThumbQueue.m in Sources */,
				700465DA1E1A9D38009B2663 /* PdfViewerViewController.m in Sources */,
				700E2C991E1B905E0042A897 /* ReaderThumbsView.m in Sources */,
				700E2C901E1B905E0042A897 /* ReaderDocument.m in Sources */,
				700E2C8E1E1B905E0042A897 /* ReaderContentTile.m in Sources */,
				700E2C971E1B905E0042A897 /* ReaderThumbRender.m in Sources */,
				3BFA81641E16C7DD005C6299 /* IndexViewController.m in Sources */,
				700E2C921E1B905E0042A897 /* ReaderMainPagebar.m in Sources */,
				700E2C9E1E1B905E0042A897 /* UIXToolbarView.m in Sources */,
			);
			runOnlyForDeploymentPostprocessing = 0;
		};
/* End PBXSourcesBuildPhase section */

/* Begin PBXVariantGroup section */
		3BFA81521E16A07F005C6299 /* Main.storyboard */ = {
			isa = PBXVariantGroup;
			children = (
				3BFA81531E16A07F005C6299 /* Base */,
			);
			name = Main.storyboard;
			sourceTree = "<group>";
		};
/* End PBXVariantGroup section */

/* Begin XCBuildConfiguration section */
		3BFA815B1E16A080005C6299 /* Debug */ = {
			isa = XCBuildConfiguration;
			buildSettings = {
				ALWAYS_SEARCH_USER_PATHS = NO;
				CLANG_ANALYZER_NONNULL = YES;
				CLANG_CXX_LANGUAGE_STANDARD = "gnu++0x";
				CLANG_CXX_LIBRARY = "libc++";
				CLANG_ENABLE_MODULES = YES;
				CLANG_ENABLE_OBJC_ARC = YES;
				CLANG_WARN_BOOL_CONVERSION = YES;
				CLANG_WARN_CONSTANT_CONVERSION = YES;
				CLANG_WARN_DIRECT_OBJC_ISA_USAGE = YES_ERROR;
				CLANG_WARN_DOCUMENTATION_COMMENTS = YES;
				CLANG_WARN_EMPTY_BODY = YES;
				CLANG_WARN_ENUM_CONVERSION = YES;
				CLANG_WARN_INFINITE_RECURSION = YES;
				CLANG_WARN_INT_CONVERSION = YES;
				CLANG_WARN_OBJC_ROOT_CLASS = YES_ERROR;
				CLANG_WARN_SUSPICIOUS_MOVE = YES;
				CLANG_WARN_UNREACHABLE_CODE = YES;
				CLANG_WARN__DUPLICATE_METHOD_MATCH = YES;
				"CODE_SIGN_IDENTITY[sdk=iphoneos*]" = "iPhone Developer";
				COPY_PHASE_STRIP = NO;
				DEBUG_INFORMATION_FORMAT = dwarf;
				ENABLE_STRICT_OBJC_MSGSEND = YES;
				ENABLE_TESTABILITY = YES;
				GCC_C_LANGUAGE_STANDARD = gnu99;
				GCC_DYNAMIC_NO_PIC = NO;
				GCC_NO_COMMON_BLOCKS = YES;
				GCC_OPTIMIZATION_LEVEL = 0;
				GCC_PREPROCESSOR_DEFINITIONS = (
					"DEBUG=1",
					"$(inherited)",
				);
				GCC_WARN_64_TO_32_BIT_CONVERSION = YES;
				GCC_WARN_ABOUT_RETURN_TYPE = YES_ERROR;
				GCC_WARN_UNDECLARED_SELECTOR = YES;
				GCC_WARN_UNINITIALIZED_AUTOS = YES_AGGRESSIVE;
				GCC_WARN_UNUSED_FUNCTION = YES;
				GCC_WARN_UNUSED_VARIABLE = YES;
				IPHONEOS_DEPLOYMENT_TARGET = 10.2;
				MTL_ENABLE_DEBUG_INFO = YES;
				ONLY_ACTIVE_ARCH = YES;
				SDKROOT = iphoneos;
				TARGETED_DEVICE_FAMILY = "1,2";
			};
			name = Debug;
		};
		3BFA815C1E16A080005C6299 /* Release */ = {
			isa = XCBuildConfiguration;
			buildSettings = {
				ALWAYS_SEARCH_USER_PATHS = NO;
				CLANG_ANALYZER_NONNULL = YES;
				CLANG_CXX_LANGUAGE_STANDARD = "gnu++0x";
				CLANG_CXX_LIBRARY = "libc++";
				CLANG_ENABLE_MODULES = YES;
				CLANG_ENABLE_OBJC_ARC = YES;
				CLANG_WARN_BOOL_CONVERSION = YES;
				CLANG_WARN_CONSTANT_CONVERSION = YES;
				CLANG_WARN_DIRECT_OBJC_ISA_USAGE = YES_ERROR;
				CLANG_WARN_DOCUMENTATION_COMMENTS = YES;
				CLANG_WARN_EMPTY_BODY = YES;
				CLANG_WARN_ENUM_CONVERSION = YES;
				CLANG_WARN_INFINITE_RECURSION = YES;
				CLANG_WARN_INT_CONVERSION = YES;
				CLANG_WARN_OBJC_ROOT_CLASS = YES_ERROR;
				CLANG_WARN_SUSPICIOUS_MOVE = YES;
				CLANG_WARN_UNREACHABLE_CODE = YES;
				CLANG_WARN__DUPLICATE_METHOD_MATCH = YES;
				"CODE_SIGN_IDENTITY[sdk=iphoneos*]" = "iPhone Developer";
				COPY_PHASE_STRIP = NO;
				DEBUG_INFORMATION_FORMAT = "dwarf-with-dsym";
				ENABLE_NS_ASSERTIONS = NO;
				ENABLE_STRICT_OBJC_MSGSEND = YES;
				GCC_C_LANGUAGE_STANDARD = gnu99;
				GCC_NO_COMMON_BLOCKS = YES;
				GCC_WARN_64_TO_32_BIT_CONVERSION = YES;
				GCC_WARN_ABOUT_RETURN_TYPE = YES_ERROR;
				GCC_WARN_UNDECLARED_SELECTOR = YES;
				GCC_WARN_UNINITIALIZED_AUTOS = YES_AGGRESSIVE;
				GCC_WARN_UNUSED_FUNCTION = YES;
				GCC_WARN_UNUSED_VARIABLE = YES;
				IPHONEOS_DEPLOYMENT_TARGET = 10.2;
				MTL_ENABLE_DEBUG_INFO = NO;
				SDKROOT = iphoneos;
				TARGETED_DEVICE_FAMILY = "1,2";
				VALIDATE_PRODUCT = YES;
			};
			name = Release;
		};
		3BFA815E1E16A080005C6299 /* Debug */ = {
			isa = XCBuildConfiguration;
			buildSettings = {
				ASSETCATALOG_COMPILER_APPICON_NAME = AppIcon;
				ASSETCATALOG_COMPILER_LAUNCHIMAGE_NAME = LaunchImage;
				CODE_SIGN_IDENTITY = "iPhone Developer: Evan Islam (9G6F7TBHUS)";
				DEVELOPMENT_TEAM = 68449K2QZC;
				INFOPLIST_FILE = "50 Thinks Book/Info.plist";
				IPHONEOS_DEPLOYMENT_TARGET = 8.0;
				LD_RUNPATH_SEARCH_PATHS = "$(inherited) @executable_path/Frameworks";
				PRODUCT_BUNDLE_IDENTIFIER = "com.csm.-0-Thinks-Book";
				PRODUCT_NAME = "$(TARGET_NAME)";
				TARGETED_DEVICE_FAMILY = "1,2";
			};
			name = Debug;
		};
		3BFA815F1E16A080005C6299 /* Release */ = {
			isa = XCBuildConfiguration;
			buildSettings = {
				ASSETCATALOG_COMPILER_APPICON_NAME = AppIcon;
				ASSETCATALOG_COMPILER_LAUNCHIMAGE_NAME = LaunchImage;
				CODE_SIGN_IDENTITY = "iPhone Developer: Evan Islam (9G6F7TBHUS)";
				DEVELOPMENT_TEAM = 68449K2QZC;
				INFOPLIST_FILE = "50 Thinks Book/Info.plist";
				IPHONEOS_DEPLOYMENT_TARGET = 8.0;
				LD_RUNPATH_SEARCH_PATHS = "$(inherited) @executable_path/Frameworks";
				PRODUCT_BUNDLE_IDENTIFIER = "com.csm.-0-Thinks-Book";
				PRODUCT_NAME = "$(TARGET_NAME)";
				TARGETED_DEVICE_FAMILY = "1,2";
			};
			name = Release;
		};
/* End XCBuildConfiguration section */

/* Begin XCConfigurationList section */
		3BFA813E1E16A07F005C6299 /* Build configuration list for PBXProject "50 Thinks Book" */ = {
			isa = XCConfigurationList;
			buildConfigurations = (
				3BFA815B1E16A080005C6299 /* Debug */,
				3BFA815C1E16A080005C6299 /* Release */,
			);
			defaultConfigurationIsVisible = 0;
			defaultConfigurationName = Release;
		};
		3BFA815D1E16A080005C6299 /* Build configuration list for PBXNativeTarget "50 Thinks Book" */ = {
			isa = XCConfigurationList;
			buildConfigurations = (
				3BFA815E1E16A080005C6299 /* Debug */,
				3BFA815F1E16A080005C6299 /* Release */,
			);
			defaultConfigurationIsVisible = 0;
			defaultConfigurationName = Release;
		};
/* End XCConfigurationList section */
	};
	rootObject = 3BFA813B1E16A07F005C6299 /* Project object */;
}
